// !$*UTF8*$!
{
	archiveVersion = 1;
	classes = {
	};
	objectVersion = 48;
	objects = {

/* Begin PBXBuildFile section */
		450759921FFC77E30009B360 /* Assets.xcassets in Resources */ = {isa = PBXBuildFile; fileRef = 450759911FFC77E20009B360 /* Assets.xcassets */; };
		4507599E1FFC795D0009B360 /* main.cpp in Sources */ = {isa = PBXBuildFile; fileRef = 4507599D1FFC795D0009B360 /* main.cpp */; };
		450759A11FFC7A9E0009B360 /* SDL2.framework in Frameworks */ = {isa = PBXBuildFile; fileRef = 450759A01FFC7A9E0009B360 /* SDL2.framework */; };
		450759A31FFC7AAA0009B360 /* CoreVideo.framework in Frameworks */ = {isa = PBXBuildFile; fileRef = 450759A21FFC7AAA0009B360 /* CoreVideo.framework */; };
		450759A51FFC7B1C0009B360 /* Cocoa.framework in Frameworks */ = {isa = PBXBuildFile; fileRef = 450759A41FFC7B1C0009B360 /* Cocoa.framework */; };
		450759A71FFC7B240009B360 /* IOKit.framework in Frameworks */ = {isa = PBXBuildFile; fileRef = 450759A61FFC7B240009B360 /* IOKit.framework */; };
		450759A91FFC7B2A0009B360 /* OpenGL.framework in Frameworks */ = {isa = PBXBuildFile; fileRef = 450759A81FFC7B2A0009B360 /* OpenGL.framework */; };
		450759AB1FFC7B530009B360 /* SDL2.framework in CopyFiles */ = {isa = PBXBuildFile; fileRef = 450759A01FFC7A9E0009B360 /* SDL2.framework */; settings = {ATTRIBUTES = (CodeSignOnCopy, RemoveHeadersOnCopy, ); }; };
		455AFD861FFDB34400739358 /* app.cpp in Sources */ = {isa = PBXBuildFile; fileRef = 455AFD841FFDB34400739358 /* app.cpp */; };
		455AFD891FFDB3E000739358 /* rendering context.cpp in Sources */ = {isa = PBXBuildFile; fileRef = 455AFD881FFDB3E000739358 /* rendering context.cpp */; };
		455AFD8C1FFDB5E800739358 /* game screen.cpp in Sources */ = {isa = PBXBuildFile; fileRef = 455AFD8A1FFDB5E800739358 /* game screen.cpp */; };
		455AFD971FFDBADF00739358 /* entity grid.cpp in Sources */ = {isa = PBXBuildFile; fileRef = 455AFD951FFDBADF00739358 /* entity grid.cpp */; };
		455AFDA11FFDC42C00739358 /* static collision init.cpp in Sources */ = {isa = PBXBuildFile; fileRef = 455AFD9F1FFDC42C00739358 /* static collision init.cpp */; };
		455AFDB11FFDD77000739358 /* dynamic collision init.cpp in Sources */ = {isa = PBXBuildFile; fileRef = 455AFDAF1FFDD77000739358 /* dynamic collision init.cpp */; };
		455AFDBB1FFDE84D00739358 /* player input system.cpp in Sources */ = {isa = PBXBuildFile; fileRef = 455AFDB91FFDE84D00739358 /* player input system.cpp */; };
		455AFDC31FFDEE5B00739358 /* position init.cpp in Sources */ = {isa = PBXBuildFile; fileRef = 455AFDC11FFDEE5B00739358 /* position init.cpp */; };
		455AFDC61FFDF34800739358 /* init grid system.cpp in Sources */ = {isa = PBXBuildFile; fileRef = 455AFDC41FFDF34800739358 /* init grid system.cpp */; };
		455AFDC91FFDF71100739358 /* move dir system.cpp in Sources */ = {isa = PBXBuildFile; fileRef = 455AFDC71FFDF71100739358 /* move dir system.cpp */; };
		455AFDCC1FFF044900739358 /* clear real dir system.cpp in Sources */ = {isa = PBXBuildFile; fileRef = 455AFDCA1FFF044900739358 /* clear real dir system.cpp */; };
		455AFDCF1FFF06EB00739358 /* clear desired dir system.cpp in Sources */ = {isa = PBXBuildFile; fileRef = 455AFDCD1FFF06EB00739358 /* clear desired dir system.cpp */; };
		455AFDD21FFF0B9200739358 /* update pos system.cpp in Sources */ = {isa = PBXBuildFile; fileRef = 455AFDD01FFF0B9200739358 /* update pos system.cpp */; };
		455AFDD91FFF1B9A00739358 /* power input init.cpp in Sources */ = {isa = PBXBuildFile; fileRef = 455AFDD71FFF1B9A00739358 /* power input init.cpp */; };
		455AFDDC1FFF1D2000739358 /* power output init.cpp in Sources */ = {isa = PBXBuildFile; fileRef = 455AFDDA1FFF1D2000739358 /* power output init.cpp */; };
		455AFDE11FFF3E8800739358 /* gate init.cpp in Sources */ = {isa = PBXBuildFile; fileRef = 455AFDDF1FFF3E8800739358 /* gate init.cpp */; };
		455AFDE41FFF3F4200739358 /* wire init.cpp in Sources */ = {isa = PBXBuildFile; fileRef = 455AFDE21FFF3F4200739358 /* wire init.cpp */; };
		455AFDE71FFF42CF00739358 /* shift power system.cpp in Sources */ = {isa = PBXBuildFile; fileRef = 455AFDE51FFF42CF00739358 /* shift power system.cpp */; };
		455AFDEA1FFF449000739358 /* gate system.cpp in Sources */ = {isa = PBXBuildFile; fileRef = 455AFDE81FFF449000739358 /* gate system.cpp */; };
		455AFDED200042F200739358 /* wire system.cpp in Sources */ = {isa = PBXBuildFile; fileRef = 455AFDEB200042F200739358 /* wire system.cpp */; };
		455AFDF72000578100739358 /* radioactivity init.cpp in Sources */ = {isa = PBXBuildFile; fileRef = 455AFDF52000578100739358 /* radioactivity init.cpp */; };
		455AFDFB20005A2400739358 /* radioactivity detector init.cpp in Sources */ = {isa = PBXBuildFile; fileRef = 455AFDF920005A2400739358 /* radioactivity detector init.cpp */; };
		455AFDFF20005DE300739358 /* radioactive toggle init.cpp in Sources */ = {isa = PBXBuildFile; fileRef = 455AFDFD20005DE300739358 /* radioactive toggle init.cpp */; };
		455AFE02200064D200739358 /* radioactivity detector system.cpp in Sources */ = {isa = PBXBuildFile; fileRef = 455AFE00200064D200739358 /* radioactivity detector system.cpp */; };
		455AFE052000691D00739358 /* radioactive toggle system.cpp in Sources */ = {isa = PBXBuildFile; fileRef = 455AFE032000691D00739358 /* radioactive toggle system.cpp */; };
		455AFE0820006D0100739358 /* shift radioactivity system.cpp in Sources */ = {isa = PBXBuildFile; fileRef = 455AFE0620006D0100739358 /* shift radioactivity system.cpp */; };
		455AFE0C2000733100739358 /* signal transmitter init.cpp in Sources */ = {isa = PBXBuildFile; fileRef = 455AFE0A2000733100739358 /* signal transmitter init.cpp */; };
		455AFE10200075C300739358 /* signal receiver init.cpp in Sources */ = {isa = PBXBuildFile; fileRef = 455AFE0E200075C300739358 /* signal receiver init.cpp */; };
		455AFE13200076A200739358 /* signal receiver system.cpp in Sources */ = {isa = PBXBuildFile; fileRef = 455AFE11200076A200739358 /* signal receiver system.cpp */; };
		455AFE1820007F1500739358 /* pressure plate init.cpp in Sources */ = {isa = PBXBuildFile; fileRef = 455AFE1620007F1500739358 /* pressure plate init.cpp */; };
		455AFE1F2000824200739358 /* weight init.cpp in Sources */ = {isa = PBXBuildFile; fileRef = 455AFE1D2000824200739358 /* weight init.cpp */; };
		455AFE222000839000739358 /* pressure plate system.cpp in Sources */ = {isa = PBXBuildFile; fileRef = 455AFE202000839000739358 /* pressure plate system.cpp */; };
		455AFE262000881A00739358 /* piston init.cpp in Sources */ = {isa = PBXBuildFile; fileRef = 455AFE242000881A00739358 /* piston init.cpp */; };
		455AFE29200089BA00739358 /* piston system.cpp in Sources */ = {isa = PBXBuildFile; fileRef = 455AFE27200089BA00739358 /* piston system.cpp */; };
		455AFE2C200090D100739358 /* shift player action system.cpp in Sources */ = {isa = PBXBuildFile; fileRef = 455AFE2A200090D100739358 /* shift player action system.cpp */; };
		455AFE312000982B00739358 /* lever system.cpp in Sources */ = {isa = PBXBuildFile; fileRef = 455AFE2F2000982B00739358 /* lever system.cpp */; };
		455AFE3420009C6C00739358 /* button system.cpp in Sources */ = {isa = PBXBuildFile; fileRef = 455AFE3220009C6C00739358 /* button system.cpp */; };
		455AFE462000A57800739358 /* sprites.atlas in Resources */ = {isa = PBXBuildFile; fileRef = 455AFE442000A57700739358 /* sprites.atlas */; };
		455AFE472000A57800739358 /* sprites.png in Resources */ = {isa = PBXBuildFile; fileRef = 455AFE452000A57700739358 /* sprites.png */; };
/* End PBXBuildFile section */

/* Begin PBXCopyFilesBuildPhase section */
		450759AA1FFC7B450009B360 /* CopyFiles */ = {
			isa = PBXCopyFilesBuildPhase;
			buildActionMask = 2147483647;
			dstPath = "";
			dstSubfolderSpec = 10;
			files = (
				450759AB1FFC7B530009B360 /* SDL2.framework in CopyFiles */,
			);
			runOnlyForDeploymentPostprocessing = 0;
		};
/* End PBXCopyFilesBuildPhase section */

/* Begin PBXFileReference section */
		4507598C1FFC77E20009B360 /* The Machine.app */ = {isa = PBXFileReference; explicitFileType = wrapper.application; includeInIndex = 0; path = "The Machine.app"; sourceTree = BUILT_PRODUCTS_DIR; };
		450759911FFC77E20009B360 /* Assets.xcassets */ = {isa = PBXFileReference; lastKnownFileType = folder.assetcatalog; path = Assets.xcassets; sourceTree = "<group>"; };
		450759961FFC77E30009B360 /* Info.plist */ = {isa = PBXFileReference; lastKnownFileType = text.plist.xml; path = Info.plist; sourceTree = "<group>"; };
		4507599D1FFC795D0009B360 /* main.cpp */ = {isa = PBXFileReference; lastKnownFileType = sourcecode.cpp.cpp; path = main.cpp; sourceTree = "<group>"; };
		450759A01FFC7A9E0009B360 /* SDL2.framework */ = {isa = PBXFileReference; lastKnownFileType = wrapper.framework; name = SDL2.framework; path = ../../../../../../../Library/Frameworks/SDL2.framework; sourceTree = "<group>"; };
		450759A21FFC7AAA0009B360 /* CoreVideo.framework */ = {isa = PBXFileReference; lastKnownFileType = wrapper.framework; name = CoreVideo.framework; path = System/Library/Frameworks/CoreVideo.framework; sourceTree = SDKROOT; };
		450759A41FFC7B1C0009B360 /* Cocoa.framework */ = {isa = PBXFileReference; lastKnownFileType = wrapper.framework; name = Cocoa.framework; path = System/Library/Frameworks/Cocoa.framework; sourceTree = SDKROOT; };
		450759A61FFC7B240009B360 /* IOKit.framework */ = {isa = PBXFileReference; lastKnownFileType = wrapper.framework; name = IOKit.framework; path = System/Library/Frameworks/IOKit.framework; sourceTree = SDKROOT; };
		450759A81FFC7B2A0009B360 /* OpenGL.framework */ = {isa = PBXFileReference; lastKnownFileType = wrapper.framework; name = OpenGL.framework; path = System/Library/Frameworks/OpenGL.framework; sourceTree = SDKROOT; };
		455AFD841FFDB34400739358 /* app.cpp */ = {isa = PBXFileReference; lastKnownFileType = sourcecode.cpp.cpp; path = app.cpp; sourceTree = "<group>"; };
		455AFD851FFDB34400739358 /* app.hpp */ = {isa = PBXFileReference; lastKnownFileType = sourcecode.cpp.h; path = app.hpp; sourceTree = "<group>"; };
		455AFD871FFDB3E000739358 /* rendering context.hpp */ = {isa = PBXFileReference; fileEncoding = 4; lastKnownFileType = sourcecode.cpp.h; path = "rendering context.hpp"; sourceTree = "<group>"; };
		455AFD881FFDB3E000739358 /* rendering context.cpp */ = {isa = PBXFileReference; fileEncoding = 4; lastKnownFileType = sourcecode.cpp.cpp; path = "rendering context.cpp"; sourceTree = "<group>"; };
		455AFD8A1FFDB5E800739358 /* game screen.cpp */ = {isa = PBXFileReference; lastKnownFileType = sourcecode.cpp.cpp; path = "game screen.cpp"; sourceTree = "<group>"; };
		455AFD8B1FFDB5E800739358 /* game screen.hpp */ = {isa = PBXFileReference; lastKnownFileType = sourcecode.cpp.h; path = "game screen.hpp"; sourceTree = "<group>"; };
		455AFD901FFDB88300739358 /* component list.hpp */ = {isa = PBXFileReference; lastKnownFileType = sourcecode.cpp.h; path = "component list.hpp"; sourceTree = "<group>"; };
		455AFD951FFDBADF00739358 /* entity grid.cpp */ = {isa = PBXFileReference; lastKnownFileType = sourcecode.cpp.cpp; path = "entity grid.cpp"; sourceTree = "<group>"; };
		455AFD961FFDBADF00739358 /* entity grid.hpp */ = {isa = PBXFileReference; lastKnownFileType = sourcecode.cpp.h; path = "entity grid.hpp"; sourceTree = "<group>"; };
		455AFD991FFDBB7F00739358 /* position type.hpp */ = {isa = PBXFileReference; lastKnownFileType = sourcecode.cpp.h; path = "position type.hpp"; sourceTree = "<group>"; };
		455AFD9E1FFDC41300739358 /* component inits.hpp */ = {isa = PBXFileReference; lastKnownFileType = sourcecode.cpp.h; path = "component inits.hpp"; sourceTree = "<group>"; };
		455AFD9F1FFDC42C00739358 /* static collision init.cpp */ = {isa = PBXFileReference; lastKnownFileType = sourcecode.cpp.cpp; path = "static collision init.cpp"; sourceTree = "<group>"; };
		455AFDA01FFDC42C00739358 /* static collision init.hpp */ = {isa = PBXFileReference; lastKnownFileType = sourcecode.cpp.h; path = "static collision init.hpp"; sourceTree = "<group>"; };
		455AFDA31FFDC46E00739358 /* static collision component.hpp */ = {isa = PBXFileReference; lastKnownFileType = sourcecode.cpp.h; path = "static collision component.hpp"; sourceTree = "<group>"; };
		455AFDA81FFDC8A200739358 /* level 0.jsonnet */ = {isa = PBXFileReference; lastKnownFileType = text; path = "level 0.jsonnet"; sourceTree = "<group>"; };
		455AFDAA1FFDC91900739358 /* common.libsonnet */ = {isa = PBXFileReference; lastKnownFileType = text; path = common.libsonnet; sourceTree = "<group>"; };
		455AFDAC1FFDC93500739358 /* entities.libsonnet */ = {isa = PBXFileReference; lastKnownFileType = text; path = entities.libsonnet; sourceTree = "<group>"; };
		455AFDAE1FFDD67F00739358 /* dynamic collision component.hpp */ = {isa = PBXFileReference; lastKnownFileType = sourcecode.cpp.h; path = "dynamic collision component.hpp"; sourceTree = "<group>"; };
		455AFDAF1FFDD77000739358 /* dynamic collision init.cpp */ = {isa = PBXFileReference; lastKnownFileType = sourcecode.cpp.cpp; path = "dynamic collision init.cpp"; sourceTree = "<group>"; };
		455AFDB01FFDD77000739358 /* dynamic collision init.hpp */ = {isa = PBXFileReference; lastKnownFileType = sourcecode.cpp.h; path = "dynamic collision init.hpp"; sourceTree = "<group>"; };
		455AFDB31FFDE0B800739358 /* movement component.hpp */ = {isa = PBXFileReference; lastKnownFileType = sourcecode.cpp.h; path = "movement component.hpp"; sourceTree = "<group>"; };
		455AFDB81FFDE6A900739358 /* player action component.hpp */ = {isa = PBXFileReference; lastKnownFileType = sourcecode.cpp.h; path = "player action component.hpp"; sourceTree = "<group>"; };
		455AFDB91FFDE84D00739358 /* player input system.cpp */ = {isa = PBXFileReference; lastKnownFileType = sourcecode.cpp.cpp; path = "player input system.cpp"; sourceTree = "<group>"; };
		455AFDBA1FFDE84D00739358 /* player input system.hpp */ = {isa = PBXFileReference; lastKnownFileType = sourcecode.cpp.h; path = "player input system.hpp"; sourceTree = "<group>"; };
		455AFDBC1FFDEBD700739358 /* systems.hpp */ = {isa = PBXFileReference; lastKnownFileType = sourcecode.cpp.h; path = systems.hpp; sourceTree = "<group>"; };
		455AFDC01FFDEE1900739358 /* position component.hpp */ = {isa = PBXFileReference; lastKnownFileType = sourcecode.cpp.h; path = "position component.hpp"; sourceTree = "<group>"; };
		455AFDC11FFDEE5B00739358 /* position init.cpp */ = {isa = PBXFileReference; lastKnownFileType = sourcecode.cpp.cpp; path = "position init.cpp"; sourceTree = "<group>"; };
		455AFDC21FFDEE5B00739358 /* position init.hpp */ = {isa = PBXFileReference; lastKnownFileType = sourcecode.cpp.h; path = "position init.hpp"; sourceTree = "<group>"; };
		455AFDC41FFDF34800739358 /* init grid system.cpp */ = {isa = PBXFileReference; lastKnownFileType = sourcecode.cpp.cpp; path = "init grid system.cpp"; sourceTree = "<group>"; };
		455AFDC51FFDF34800739358 /* init grid system.hpp */ = {isa = PBXFileReference; lastKnownFileType = sourcecode.cpp.h; path = "init grid system.hpp"; sourceTree = "<group>"; };
		455AFDC71FFDF71100739358 /* move dir system.cpp */ = {isa = PBXFileReference; lastKnownFileType = sourcecode.cpp.cpp; path = "move dir system.cpp"; sourceTree = "<group>"; };
		455AFDC81FFDF71100739358 /* move dir system.hpp */ = {isa = PBXFileReference; lastKnownFileType = sourcecode.cpp.h; path = "move dir system.hpp"; sourceTree = "<group>"; };
		455AFDCA1FFF044900739358 /* clear real dir system.cpp */ = {isa = PBXFileReference; lastKnownFileType = sourcecode.cpp.cpp; path = "clear real dir system.cpp"; sourceTree = "<group>"; };
		455AFDCB1FFF044900739358 /* clear real dir system.hpp */ = {isa = PBXFileReference; lastKnownFileType = sourcecode.cpp.h; path = "clear real dir system.hpp"; sourceTree = "<group>"; };
		455AFDCD1FFF06EB00739358 /* clear desired dir system.cpp */ = {isa = PBXFileReference; lastKnownFileType = sourcecode.cpp.cpp; path = "clear desired dir system.cpp"; sourceTree = "<group>"; };
		455AFDCE1FFF06EB00739358 /* clear desired dir system.hpp */ = {isa = PBXFileReference; lastKnownFileType = sourcecode.cpp.h; path = "clear desired dir system.hpp"; sourceTree = "<group>"; };
		455AFDD01FFF0B9200739358 /* update pos system.cpp */ = {isa = PBXFileReference; lastKnownFileType = sourcecode.cpp.cpp; path = "update pos system.cpp"; sourceTree = "<group>"; };
		455AFDD11FFF0B9200739358 /* update pos system.hpp */ = {isa = PBXFileReference; lastKnownFileType = sourcecode.cpp.h; path = "update pos system.hpp"; sourceTree = "<group>"; };
		455AFDD31FFF0F1B00739358 /* dir to vec.hpp */ = {isa = PBXFileReference; lastKnownFileType = sourcecode.cpp.h; path = "dir to vec.hpp"; sourceTree = "<group>"; };
		455AFDD41FFF191F00739358 /* power component.hpp */ = {isa = PBXFileReference; lastKnownFileType = sourcecode.cpp.h; path = "power component.hpp"; sourceTree = "<group>"; };
		455AFDD51FFF19A300739358 /* power input component.hpp */ = {isa = PBXFileReference; lastKnownFileType = sourcecode.cpp.h; path = "power input component.hpp"; sourceTree = "<group>"; };
		455AFDD61FFF19AD00739358 /* power output component.hpp */ = {isa = PBXFileReference; lastKnownFileType = sourcecode.cpp.h; path = "power output component.hpp"; sourceTree = "<group>"; };
		455AFDD71FFF1B9A00739358 /* power input init.cpp */ = {isa = PBXFileReference; lastKnownFileType = sourcecode.cpp.cpp; path = "power input init.cpp"; sourceTree = "<group>"; };
		455AFDD81FFF1B9A00739358 /* power input init.hpp */ = {isa = PBXFileReference; lastKnownFileType = sourcecode.cpp.h; path = "power input init.hpp"; sourceTree = "<group>"; };
		455AFDDA1FFF1D2000739358 /* power output init.cpp */ = {isa = PBXFileReference; lastKnownFileType = sourcecode.cpp.cpp; path = "power output init.cpp"; sourceTree = "<group>"; };
		455AFDDB1FFF1D2000739358 /* power output init.hpp */ = {isa = PBXFileReference; lastKnownFileType = sourcecode.cpp.h; path = "power output init.hpp"; sourceTree = "<group>"; };
		455AFDDD1FFF3DDD00739358 /* gate component.hpp */ = {isa = PBXFileReference; lastKnownFileType = sourcecode.cpp.h; path = "gate component.hpp"; sourceTree = "<group>"; };
		455AFDDE1FFF3E2F00739358 /* wire component.hpp */ = {isa = PBXFileReference; lastKnownFileType = sourcecode.cpp.h; path = "wire component.hpp"; sourceTree = "<group>"; };
		455AFDDF1FFF3E8800739358 /* gate init.cpp */ = {isa = PBXFileReference; lastKnownFileType = sourcecode.cpp.cpp; path = "gate init.cpp"; sourceTree = "<group>"; };
		455AFDE01FFF3E8800739358 /* gate init.hpp */ = {isa = PBXFileReference; lastKnownFileType = sourcecode.cpp.h; path = "gate init.hpp"; sourceTree = "<group>"; };
		455AFDE21FFF3F4200739358 /* wire init.cpp */ = {isa = PBXFileReference; lastKnownFileType = sourcecode.cpp.cpp; path = "wire init.cpp"; sourceTree = "<group>"; };
		455AFDE31FFF3F4200739358 /* wire init.hpp */ = {isa = PBXFileReference; lastKnownFileType = sourcecode.cpp.h; path = "wire init.hpp"; sourceTree = "<group>"; };
		455AFDE51FFF42CF00739358 /* shift power system.cpp */ = {isa = PBXFileReference; lastKnownFileType = sourcecode.cpp.cpp; path = "shift power system.cpp"; sourceTree = "<group>"; };
		455AFDE61FFF42CF00739358 /* shift power system.hpp */ = {isa = PBXFileReference; lastKnownFileType = sourcecode.cpp.h; path = "shift power system.hpp"; sourceTree = "<group>"; };
		455AFDE81FFF449000739358 /* gate system.cpp */ = {isa = PBXFileReference; lastKnownFileType = sourcecode.cpp.cpp; path = "gate system.cpp"; sourceTree = "<group>"; };
		455AFDE91FFF449000739358 /* gate system.hpp */ = {isa = PBXFileReference; lastKnownFileType = sourcecode.cpp.h; path = "gate system.hpp"; sourceTree = "<group>"; };
		455AFDEB200042F200739358 /* wire system.cpp */ = {isa = PBXFileReference; lastKnownFileType = sourcecode.cpp.cpp; path = "wire system.cpp"; sourceTree = "<group>"; };
		455AFDEC200042F200739358 /* wire system.hpp */ = {isa = PBXFileReference; lastKnownFileType = sourcecode.cpp.h; path = "wire system.hpp"; sourceTree = "<group>"; };
		455AFDF4200056D600739358 /* radioactivity component.hpp */ = {isa = PBXFileReference; lastKnownFileType = sourcecode.cpp.h; path = "radioactivity component.hpp"; sourceTree = "<group>"; };
		455AFDF52000578100739358 /* radioactivity init.cpp */ = {isa = PBXFileReference; lastKnownFileType = sourcecode.cpp.cpp; path = "radioactivity init.cpp"; sourceTree = "<group>"; };
		455AFDF62000578100739358 /* radioactivity init.hpp */ = {isa = PBXFileReference; lastKnownFileType = sourcecode.cpp.h; path = "radioactivity init.hpp"; sourceTree = "<group>"; };
		455AFDF8200059AB00739358 /* radioactivity detector component.hpp */ = {isa = PBXFileReference; lastKnownFileType = sourcecode.cpp.h; path = "radioactivity detector component.hpp"; sourceTree = "<group>"; };
		455AFDF920005A2400739358 /* radioactivity detector init.cpp */ = {isa = PBXFileReference; lastKnownFileType = sourcecode.cpp.cpp; path = "radioactivity detector init.cpp"; sourceTree = "<group>"; };
		455AFDFA20005A2400739358 /* radioactivity detector init.hpp */ = {isa = PBXFileReference; lastKnownFileType = sourcecode.cpp.h; path = "radioactivity detector init.hpp"; sourceTree = "<group>"; };
		455AFDFC20005D5600739358 /* radioactive toggle component.hpp */ = {isa = PBXFileReference; lastKnownFileType = sourcecode.cpp.h; path = "radioactive toggle component.hpp"; sourceTree = "<group>"; };
		455AFDFD20005DE300739358 /* radioactive toggle init.cpp */ = {isa = PBXFileReference; lastKnownFileType = sourcecode.cpp.cpp; path = "radioactive toggle init.cpp"; sourceTree = "<group>"; };
		455AFDFE20005DE300739358 /* radioactive toggle init.hpp */ = {isa = PBXFileReference; lastKnownFileType = sourcecode.cpp.h; path = "radioactive toggle init.hpp"; sourceTree = "<group>"; };
		455AFE00200064D200739358 /* radioactivity detector system.cpp */ = {isa = PBXFileReference; lastKnownFileType = sourcecode.cpp.cpp; path = "radioactivity detector system.cpp"; sourceTree = "<group>"; };
		455AFE01200064D200739358 /* radioactivity detector system.hpp */ = {isa = PBXFileReference; lastKnownFileType = sourcecode.cpp.h; path = "radioactivity detector system.hpp"; sourceTree = "<group>"; };
		455AFE032000691D00739358 /* radioactive toggle system.cpp */ = {isa = PBXFileReference; lastKnownFileType = sourcecode.cpp.cpp; path = "radioactive toggle system.cpp"; sourceTree = "<group>"; };
		455AFE042000691D00739358 /* radioactive toggle system.hpp */ = {isa = PBXFileReference; lastKnownFileType = sourcecode.cpp.h; path = "radioactive toggle system.hpp"; sourceTree = "<group>"; };
		455AFE0620006D0100739358 /* shift radioactivity system.cpp */ = {isa = PBXFileReference; lastKnownFileType = sourcecode.cpp.cpp; path = "shift radioactivity system.cpp"; sourceTree = "<group>"; };
		455AFE0720006D0100739358 /* shift radioactivity system.hpp */ = {isa = PBXFileReference; lastKnownFileType = sourcecode.cpp.h; path = "shift radioactivity system.hpp"; sourceTree = "<group>"; };
		455AFE09200072EF00739358 /* signal transmitter component.hpp */ = {isa = PBXFileReference; lastKnownFileType = sourcecode.cpp.h; path = "signal transmitter component.hpp"; sourceTree = "<group>"; };
		455AFE0A2000733100739358 /* signal transmitter init.cpp */ = {isa = PBXFileReference; lastKnownFileType = sourcecode.cpp.cpp; path = "signal transmitter init.cpp"; sourceTree = "<group>"; };
		455AFE0B2000733100739358 /* signal transmitter init.hpp */ = {isa = PBXFileReference; lastKnownFileType = sourcecode.cpp.h; path = "signal transmitter init.hpp"; sourceTree = "<group>"; };
		455AFE0D2000751100739358 /* signal receiver component.hpp */ = {isa = PBXFileReference; lastKnownFileType = sourcecode.cpp.h; path = "signal receiver component.hpp"; sourceTree = "<group>"; };
		455AFE0E200075C300739358 /* signal receiver init.cpp */ = {isa = PBXFileReference; lastKnownFileType = sourcecode.cpp.cpp; path = "signal receiver init.cpp"; sourceTree = "<group>"; };
		455AFE0F200075C300739358 /* signal receiver init.hpp */ = {isa = PBXFileReference; lastKnownFileType = sourcecode.cpp.h; path = "signal receiver init.hpp"; sourceTree = "<group>"; };
		455AFE11200076A200739358 /* signal receiver system.cpp */ = {isa = PBXFileReference; lastKnownFileType = sourcecode.cpp.cpp; path = "signal receiver system.cpp"; sourceTree = "<group>"; };
		455AFE12200076A200739358 /* signal receiver system.hpp */ = {isa = PBXFileReference; lastKnownFileType = sourcecode.cpp.h; path = "signal receiver system.hpp"; sourceTree = "<group>"; };
		455AFE1420007A7200739358 /* signal channels.hpp */ = {isa = PBXFileReference; lastKnownFileType = sourcecode.cpp.h; path = "signal channels.hpp"; sourceTree = "<group>"; };
		455AFE1520007EC600739358 /* pressure plate component.hpp */ = {isa = PBXFileReference; lastKnownFileType = sourcecode.cpp.h; path = "pressure plate component.hpp"; sourceTree = "<group>"; };
		455AFE1620007F1500739358 /* pressure plate init.cpp */ = {isa = PBXFileReference; lastKnownFileType = sourcecode.cpp.cpp; path = "pressure plate init.cpp"; sourceTree = "<group>"; };
		455AFE1720007F1500739358 /* pressure plate init.hpp */ = {isa = PBXFileReference; lastKnownFileType = sourcecode.cpp.h; path = "pressure plate init.hpp"; sourceTree = "<group>"; };
		455AFE1C2000821800739358 /* weight component.hpp */ = {isa = PBXFileReference; lastKnownFileType = sourcecode.cpp.h; path = "weight component.hpp"; sourceTree = "<group>"; };
		455AFE1D2000824200739358 /* weight init.cpp */ = {isa = PBXFileReference; lastKnownFileType = sourcecode.cpp.cpp; path = "weight init.cpp"; sourceTree = "<group>"; };
		455AFE1E2000824200739358 /* weight init.hpp */ = {isa = PBXFileReference; lastKnownFileType = sourcecode.cpp.h; path = "weight init.hpp"; sourceTree = "<group>"; };
		455AFE202000839000739358 /* pressure plate system.cpp */ = {isa = PBXFileReference; lastKnownFileType = sourcecode.cpp.cpp; path = "pressure plate system.cpp"; sourceTree = "<group>"; };
		455AFE212000839000739358 /* pressure plate system.hpp */ = {isa = PBXFileReference; lastKnownFileType = sourcecode.cpp.h; path = "pressure plate system.hpp"; sourceTree = "<group>"; };
		455AFE232000869D00739358 /* piston component.hpp */ = {isa = PBXFileReference; lastKnownFileType = sourcecode.cpp.h; path = "piston component.hpp"; sourceTree = "<group>"; };
		455AFE242000881A00739358 /* piston init.cpp */ = {isa = PBXFileReference; lastKnownFileType = sourcecode.cpp.cpp; path = "piston init.cpp"; sourceTree = "<group>"; };
		455AFE252000881A00739358 /* piston init.hpp */ = {isa = PBXFileReference; lastKnownFileType = sourcecode.cpp.h; path = "piston init.hpp"; sourceTree = "<group>"; };
		455AFE27200089BA00739358 /* piston system.cpp */ = {isa = PBXFileReference; lastKnownFileType = sourcecode.cpp.cpp; path = "piston system.cpp"; sourceTree = "<group>"; };
		455AFE28200089BA00739358 /* piston system.hpp */ = {isa = PBXFileReference; lastKnownFileType = sourcecode.cpp.h; path = "piston system.hpp"; sourceTree = "<group>"; };
		455AFE2A200090D100739358 /* shift player action system.cpp */ = {isa = PBXFileReference; lastKnownFileType = sourcecode.cpp.cpp; path = "shift player action system.cpp"; sourceTree = "<group>"; };
		455AFE2B200090D100739358 /* shift player action system.hpp */ = {isa = PBXFileReference; lastKnownFileType = sourcecode.cpp.h; path = "shift player action system.hpp"; sourceTree = "<group>"; };
		455AFE2D2000946A00739358 /* lever component.hpp */ = {isa = PBXFileReference; lastKnownFileType = sourcecode.cpp.h; path = "lever component.hpp"; sourceTree = "<group>"; };
		455AFE2E200094B500739358 /* button component.hpp */ = {isa = PBXFileReference; lastKnownFileType = sourcecode.cpp.h; path = "button component.hpp"; sourceTree = "<group>"; };
		455AFE2F2000982B00739358 /* lever system.cpp */ = {isa = PBXFileReference; lastKnownFileType = sourcecode.cpp.cpp; path = "lever system.cpp"; sourceTree = "<group>"; };
		455AFE302000982B00739358 /* lever system.hpp */ = {isa = PBXFileReference; lastKnownFileType = sourcecode.cpp.h; path = "lever system.hpp"; sourceTree = "<group>"; };
		455AFE3220009C6C00739358 /* button system.cpp */ = {isa = PBXFileReference; lastKnownFileType = sourcecode.cpp.cpp; path = "button system.cpp"; sourceTree = "<group>"; };
		455AFE3320009C6C00739358 /* button system.hpp */ = {isa = PBXFileReference; lastKnownFileType = sourcecode.cpp.h; path = "button system.hpp"; sourceTree = "<group>"; };
		455AFE372000A35A00739358 /* sprite config.json */ = {isa = PBXFileReference; lastKnownFileType = text.json; path = "sprite config.json"; sourceTree = "<group>"; };
		455AFE3B2000A41D00739358 /* gates.anim */ = {isa = PBXFileReference; lastKnownFileType = file; path = gates.anim; sourceTree = "<group>"; };
		455AFE3C2000A55D00739358 /* gate 3.png */ = {isa = PBXFileReference; lastKnownFileType = image.png; path = "gate 3.png"; sourceTree = "<group>"; };
		455AFE3D2000A55D00739358 /* gate 7.png */ = {isa = PBXFileReference; lastKnownFileType = image.png; path = "gate 7.png"; sourceTree = "<group>"; };
		455AFE3E2000A55E00739358 /* gate 6.png */ = {isa = PBXFileReference; lastKnownFileType = image.png; path = "gate 6.png"; sourceTree = "<group>"; };
		455AFE3F2000A55E00739358 /* gate 0.png */ = {isa = PBXFileReference; lastKnownFileType = image.png; path = "gate 0.png"; sourceTree = "<group>"; };
		455AFE402000A55F00739358 /* gate 1.png */ = {isa = PBXFileReference; lastKnownFileType = image.png; path = "gate 1.png"; sourceTree = "<group>"; };
		455AFE412000A55F00739358 /* gate 5.png */ = {isa = PBXFileReference; lastKnownFileType = image.png; path = "gate 5.png"; sourceTree = "<group>"; };
		455AFE422000A55F00739358 /* gate 4.png */ = {isa = PBXFileReference; lastKnownFileType = image.png; path = "gate 4.png"; sourceTree = "<group>"; };
		455AFE432000A55F00739358 /* gate 2.png */ = {isa = PBXFileReference; lastKnownFileType = image.png; path = "gate 2.png"; sourceTree = "<group>"; };
		455AFE442000A57700739358 /* sprites.atlas */ = {isa = PBXFileReference; fileEncoding = 4; lastKnownFileType = text; path = sprites.atlas; sourceTree = "<group>"; };
		455AFE452000A57700739358 /* sprites.png */ = {isa = PBXFileReference; lastKnownFileType = image.png; path = sprites.png; sourceTree = "<group>"; };
		455AFE482000AD5100739358 /* wire.anim */ = {isa = PBXFileReference; lastKnownFileType = file; path = wire.anim; sourceTree = "<group>"; };
		455AFE492000AD6600739358 /* wire 3 4.png */ = {isa = PBXFileReference; lastKnownFileType = image.png; path = "wire 3 4.png"; sourceTree = "<group>"; };
		455AFE4A2000AD6600739358 /* wire 2 5.png */ = {isa = PBXFileReference; lastKnownFileType = image.png; path = "wire 2 5.png"; sourceTree = "<group>"; };
		455AFE4B2000AD6600739358 /* wire 4 3.png */ = {isa = PBXFileReference; lastKnownFileType = image.png; path = "wire 4 3.png"; sourceTree = "<group>"; };
		455AFE4C2000AD6700739358 /* wire 5 4.png */ = {isa = PBXFileReference; lastKnownFileType = image.png; path = "wire 5 4.png"; sourceTree = "<group>"; };
		455AFE4D2000AD6700739358 /* wire 5 5.png */ = {isa = PBXFileReference; lastKnownFileType = image.png; path = "wire 5 5.png"; sourceTree = "<group>"; };
		455AFE4E2000AD6700739358 /* wire 1 1.png */ = {isa = PBXFileReference; lastKnownFileType = image.png; path = "wire 1 1.png"; sourceTree = "<group>"; };
		455AFE4F2000AD6700739358 /* wire 1 6.png */ = {isa = PBXFileReference; lastKnownFileType = image.png; path = "wire 1 6.png"; sourceTree = "<group>"; };
		455AFE502000AD6800739358 /* wire 0 3.png */ = {isa = PBXFileReference; lastKnownFileType = image.png; path = "wire 0 3.png"; sourceTree = "<group>"; };
		455AFE512000AD6800739358 /* wire 1 5.png */ = {isa = PBXFileReference; lastKnownFileType = image.png; path = "wire 1 5.png"; sourceTree = "<group>"; };
		455AFE522000AD6800739358 /* wire 0 6.png */ = {isa = PBXFileReference; lastKnownFileType = image.png; path = "wire 0 6.png"; sourceTree = "<group>"; };
		455AFE532000AD6800739358 /* wire 5 3.png */ = {isa = PBXFileReference; lastKnownFileType = image.png; path = "wire 5 3.png"; sourceTree = "<group>"; };
		455AFE542000AD6900739358 /* wire 3 5.png */ = {isa = PBXFileReference; lastKnownFileType = image.png; path = "wire 3 5.png"; sourceTree = "<group>"; };
		455AFE552000AD6900739358 /* wire 0 2.png */ = {isa = PBXFileReference; lastKnownFileType = image.png; path = "wire 0 2.png"; sourceTree = "<group>"; };
		455AFE562000AD6900739358 /* wire 3 1.png */ = {isa = PBXFileReference; lastKnownFileType = image.png; path = "wire 3 1.png"; sourceTree = "<group>"; };
		455AFE572000AD6900739358 /* wire 5 0.png */ = {isa = PBXFileReference; lastKnownFileType = image.png; path = "wire 5 0.png"; sourceTree = "<group>"; };
		455AFE582000AD6A00739358 /* wire 5 1.png */ = {isa = PBXFileReference; lastKnownFileType = image.png; path = "wire 5 1.png"; sourceTree = "<group>"; };
		455AFE592000AD6A00739358 /* wire 2 1.png */ = {isa = PBXFileReference; lastKnownFileType = image.png; path = "wire 2 1.png"; sourceTree = "<group>"; };
		455AFE5A2000AD6B00739358 /* wire 2 2.png */ = {isa = PBXFileReference; lastKnownFileType = image.png; path = "wire 2 2.png"; sourceTree = "<group>"; };
		455AFE5B2000AD6B00739358 /* wire 1 3.png */ = {isa = PBXFileReference; lastKnownFileType = image.png; path = "wire 1 3.png"; sourceTree = "<group>"; };
		455AFE5C2000AD6C00739358 /* wire 5 2.png */ = {isa = PBXFileReference; lastKnownFileType = image.png; path = "wire 5 2.png"; sourceTree = "<group>"; };
		455AFE5D2000AD6C00739358 /* wire 4 0.png */ = {isa = PBXFileReference; lastKnownFileType = image.png; path = "wire 4 0.png"; sourceTree = "<group>"; };
		455AFE5E2000AD6D00739358 /* wire 4 1.png */ = {isa = PBXFileReference; lastKnownFileType = image.png; path = "wire 4 1.png"; sourceTree = "<group>"; };
		455AFE5F2000AD6D00739358 /* wire 2 4.png */ = {isa = PBXFileReference; lastKnownFileType = image.png; path = "wire 2 4.png"; sourceTree = "<group>"; };
		455AFE602000AD6D00739358 /* wire 4 2.png */ = {isa = PBXFileReference; lastKnownFileType = image.png; path = "wire 4 2.png"; sourceTree = "<group>"; };
		455AFE612000AD6E00739358 /* wire 1 2.png */ = {isa = PBXFileReference; lastKnownFileType = image.png; path = "wire 1 2.png"; sourceTree = "<group>"; };
		455AFE622000AD6E00739358 /* wire 0 5.png */ = {isa = PBXFileReference; lastKnownFileType = image.png; path = "wire 0 5.png"; sourceTree = "<group>"; };
		455AFE632000AD6E00739358 /* wire 3 6.png */ = {isa = PBXFileReference; lastKnownFileType = image.png; path = "wire 3 6.png"; sourceTree = "<group>"; };
		455AFE642000AD6E00739358 /* wire 2 6.png */ = {isa = PBXFileReference; lastKnownFileType = image.png; path = "wire 2 6.png"; sourceTree = "<group>"; };
		455AFE652000AD6F00739358 /* wire 3 3.png */ = {isa = PBXFileReference; lastKnownFileType = image.png; path = "wire 3 3.png"; sourceTree = "<group>"; };
		455AFE662000AD6F00739358 /* wire 4 4.png */ = {isa = PBXFileReference; lastKnownFileType = image.png; path = "wire 4 4.png"; sourceTree = "<group>"; };
		455AFE672000AD7000739358 /* wire 2 3.png */ = {isa = PBXFileReference; lastKnownFileType = image.png; path = "wire 2 3.png"; sourceTree = "<group>"; };
		455AFE682000AD7000739358 /* wire 0 4.png */ = {isa = PBXFileReference; lastKnownFileType = image.png; path = "wire 0 4.png"; sourceTree = "<group>"; };
		455AFE692000AD7100739358 /* wire 0 1.png */ = {isa = PBXFileReference; lastKnownFileType = image.png; path = "wire 0 1.png"; sourceTree = "<group>"; };
		455AFE6A2000AD7100739358 /* wire 0 0.png */ = {isa = PBXFileReference; lastKnownFileType = image.png; path = "wire 0 0.png"; sourceTree = "<group>"; };
		455AFE6B2000AD7200739358 /* wire 2 0.png */ = {isa = PBXFileReference; lastKnownFileType = image.png; path = "wire 2 0.png"; sourceTree = "<group>"; };
		455AFE6C2000AD7300739358 /* wire 1 0.png */ = {isa = PBXFileReference; lastKnownFileType = image.png; path = "wire 1 0.png"; sourceTree = "<group>"; };
		455AFE6D2000AD7300739358 /* wire 3 0.png */ = {isa = PBXFileReference; lastKnownFileType = image.png; path = "wire 3 0.png"; sourceTree = "<group>"; };
		455AFE6E2000AD7400739358 /* wire 5 6.png */ = {isa = PBXFileReference; lastKnownFileType = image.png; path = "wire 5 6.png"; sourceTree = "<group>"; };
		455AFE6F2000AD7400739358 /* wire 4 6.png */ = {isa = PBXFileReference; lastKnownFileType = image.png; path = "wire 4 6.png"; sourceTree = "<group>"; };
		455AFE702000AD7500739358 /* wire 1 4.png */ = {isa = PBXFileReference; lastKnownFileType = image.png; path = "wire 1 4.png"; sourceTree = "<group>"; };
		455AFE712000AD7500739358 /* wire 4 5.png */ = {isa = PBXFileReference; lastKnownFileType = image.png; path = "wire 4 5.png"; sourceTree = "<group>"; };
		455AFE722000AD7600739358 /* wire 3 2.png */ = {isa = PBXFileReference; lastKnownFileType = image.png; path = "wire 3 2.png"; sourceTree = "<group>"; };
/* End PBXFileReference section */

/* Begin PBXFrameworksBuildPhase section */
		450759891FFC77E20009B360 /* Frameworks */ = {
			isa = PBXFrameworksBuildPhase;
			buildActionMask = 2147483647;
			files = (
				450759A91FFC7B2A0009B360 /* OpenGL.framework in Frameworks */,
				450759A71FFC7B240009B360 /* IOKit.framework in Frameworks */,
				450759A51FFC7B1C0009B360 /* Cocoa.framework in Frameworks */,
				450759A31FFC7AAA0009B360 /* CoreVideo.framework in Frameworks */,
				450759A11FFC7A9E0009B360 /* SDL2.framework in Frameworks */,
			);
			runOnlyForDeploymentPostprocessing = 0;
		};
/* End PBXFrameworksBuildPhase section */

/* Begin PBXGroup section */
		450759831FFC77E20009B360 = {
			isa = PBXGroup;
			children = (
				4507598E1FFC77E20009B360 /* The Machine */,
				4507598D1FFC77E20009B360 /* Products */,
				4507599F1FFC7A9C0009B360 /* Frameworks */,
			);
			sourceTree = "<group>";
		};
		4507598D1FFC77E20009B360 /* Products */ = {
			isa = PBXGroup;
			children = (
				4507598C1FFC77E20009B360 /* The Machine.app */,
			);
			name = Products;
			sourceTree = "<group>";
		};
		4507598E1FFC77E20009B360 /* The Machine */ = {
			isa = PBXGroup;
			children = (
				450759AE1FFC98AC0009B360 /* Resources */,
				450759AD1FFC98A50009B360 /* Game */,
				450759911FFC77E20009B360 /* Assets.xcassets */,
				450759961FFC77E30009B360 /* Info.plist */,
				4507599D1FFC795D0009B360 /* main.cpp */,
			);
			path = "The Machine";
			sourceTree = "<group>";
		};
		4507599F1FFC7A9C0009B360 /* Frameworks */ = {
			isa = PBXGroup;
			children = (
				450759A81FFC7B2A0009B360 /* OpenGL.framework */,
				450759A61FFC7B240009B360 /* IOKit.framework */,
				450759A41FFC7B1C0009B360 /* Cocoa.framework */,
				450759A21FFC7AAA0009B360 /* CoreVideo.framework */,
				450759A01FFC7A9E0009B360 /* SDL2.framework */,
			);
			name = Frameworks;
			sourceTree = "<group>";
		};
		450759AD1FFC98A50009B360 /* Game */ = {
			isa = PBXGroup;
			children = (
				455AFD941FFDBA9A00739358 /* Utils */,
				455AFD921FFDB9C500739358 /* Rendering */,
				455AFD931FFDBA8300739358 /* Systems */,
				455AFD8F1FFDB86300739358 /* Components */,
				455AFD9D1FFDC3CA00739358 /* Component initializers */,
				455AFD911FFDB9BB00739358 /* UI */,
				455AFD841FFDB34400739358 /* app.cpp */,
				455AFD851FFDB34400739358 /* app.hpp */,
			);
			path = Game;
			sourceTree = "<group>";
		};
		450759AE1FFC98AC0009B360 /* Resources */ = {
			isa = PBXGroup;
			children = (
				455AFE372000A35A00739358 /* sprite config.json */,
				455AFE442000A57700739358 /* sprites.atlas */,
				455AFE452000A57700739358 /* sprites.png */,
				455AFE362000A32600739358 /* Sprites */,
				455AFE352000A31D00739358 /* Animations */,
				455AFDA71FFDC85C00739358 /* Entities */,
				455AFDA61FFDC85500739358 /* Levels */,
			);
			path = Resources;
			sourceTree = "<group>";
		};
		455AFD8F1FFDB86300739358 /* Components */ = {
			isa = PBXGroup;
			children = (
				455AFD901FFDB88300739358 /* component list.hpp */,
				455AFDA31FFDC46E00739358 /* static collision component.hpp */,
				455AFDAE1FFDD67F00739358 /* dynamic collision component.hpp */,
				455AFDB31FFDE0B800739358 /* movement component.hpp */,
				455AFDB81FFDE6A900739358 /* player action component.hpp */,
				455AFDC01FFDEE1900739358 /* position component.hpp */,
				455AFDD41FFF191F00739358 /* power component.hpp */,
				455AFDD51FFF19A300739358 /* power input component.hpp */,
				455AFDD61FFF19AD00739358 /* power output component.hpp */,
				455AFDDD1FFF3DDD00739358 /* gate component.hpp */,
				455AFDDE1FFF3E2F00739358 /* wire component.hpp */,
				455AFDF4200056D600739358 /* radioactivity component.hpp */,
				455AFDF8200059AB00739358 /* radioactivity detector component.hpp */,
				455AFDFC20005D5600739358 /* radioactive toggle component.hpp */,
				455AFE09200072EF00739358 /* signal transmitter component.hpp */,
				455AFE0D2000751100739358 /* signal receiver component.hpp */,
				455AFE1520007EC600739358 /* pressure plate component.hpp */,
				455AFE1C2000821800739358 /* weight component.hpp */,
				455AFE232000869D00739358 /* piston component.hpp */,
				455AFE2D2000946A00739358 /* lever component.hpp */,
				455AFE2E200094B500739358 /* button component.hpp */,
			);
			name = Components;
			sourceTree = "<group>";
		};
		455AFD911FFDB9BB00739358 /* UI */ = {
			isa = PBXGroup;
			children = (
				455AFD8A1FFDB5E800739358 /* game screen.cpp */,
				455AFD8B1FFDB5E800739358 /* game screen.hpp */,
			);
			name = UI;
			sourceTree = "<group>";
		};
		455AFD921FFDB9C500739358 /* Rendering */ = {
			isa = PBXGroup;
			children = (
				455AFD881FFDB3E000739358 /* rendering context.cpp */,
				455AFD871FFDB3E000739358 /* rendering context.hpp */,
			);
			name = Rendering;
			sourceTree = "<group>";
		};
		455AFD931FFDBA8300739358 /* Systems */ = {
			isa = PBXGroup;
			children = (
				455AFDBC1FFDEBD700739358 /* systems.hpp */,
				455AFDB91FFDE84D00739358 /* player input system.cpp */,
				455AFDBA1FFDE84D00739358 /* player input system.hpp */,
				455AFDC41FFDF34800739358 /* init grid system.cpp */,
				455AFDC51FFDF34800739358 /* init grid system.hpp */,
				455AFDC71FFDF71100739358 /* move dir system.cpp */,
				455AFDC81FFDF71100739358 /* move dir system.hpp */,
				455AFDCA1FFF044900739358 /* clear real dir system.cpp */,
				455AFDCB1FFF044900739358 /* clear real dir system.hpp */,
				455AFDCD1FFF06EB00739358 /* clear desired dir system.cpp */,
				455AFDCE1FFF06EB00739358 /* clear desired dir system.hpp */,
				455AFDD01FFF0B9200739358 /* update pos system.cpp */,
				455AFDD11FFF0B9200739358 /* update pos system.hpp */,
				455AFDE51FFF42CF00739358 /* shift power system.cpp */,
				455AFDE61FFF42CF00739358 /* shift power system.hpp */,
				455AFDE81FFF449000739358 /* gate system.cpp */,
				455AFDE91FFF449000739358 /* gate system.hpp */,
				455AFDEB200042F200739358 /* wire system.cpp */,
				455AFDEC200042F200739358 /* wire system.hpp */,
				455AFE00200064D200739358 /* radioactivity detector system.cpp */,
				455AFE01200064D200739358 /* radioactivity detector system.hpp */,
				455AFE032000691D00739358 /* radioactive toggle system.cpp */,
				455AFE042000691D00739358 /* radioactive toggle system.hpp */,
				455AFE0620006D0100739358 /* shift radioactivity system.cpp */,
				455AFE0720006D0100739358 /* shift radioactivity system.hpp */,
				455AFE11200076A200739358 /* signal receiver system.cpp */,
				455AFE12200076A200739358 /* signal receiver system.hpp */,
				455AFE202000839000739358 /* pressure plate system.cpp */,
				455AFE212000839000739358 /* pressure plate system.hpp */,
				455AFE27200089BA00739358 /* piston system.cpp */,
				455AFE28200089BA00739358 /* piston system.hpp */,
				455AFE2A200090D100739358 /* shift player action system.cpp */,
				455AFE2B200090D100739358 /* shift player action system.hpp */,
				455AFE2F2000982B00739358 /* lever system.cpp */,
				455AFE302000982B00739358 /* lever system.hpp */,
				455AFE3220009C6C00739358 /* button system.cpp */,
				455AFE3320009C6C00739358 /* button system.hpp */,
			);
			name = Systems;
			sourceTree = "<group>";
		};
		455AFD941FFDBA9A00739358 /* Utils */ = {
			isa = PBXGroup;
			children = (
				455AFD991FFDBB7F00739358 /* position type.hpp */,
				455AFE1420007A7200739358 /* signal channels.hpp */,
				455AFDD31FFF0F1B00739358 /* dir to vec.hpp */,
				455AFD951FFDBADF00739358 /* entity grid.cpp */,
				455AFD961FFDBADF00739358 /* entity grid.hpp */,
			);
			name = Utils;
			sourceTree = "<group>";
		};
		455AFD9D1FFDC3CA00739358 /* Component initializers */ = {
			isa = PBXGroup;
			children = (
				455AFD9E1FFDC41300739358 /* component inits.hpp */,
				455AFD9F1FFDC42C00739358 /* static collision init.cpp */,
				455AFDA01FFDC42C00739358 /* static collision init.hpp */,
				455AFDAF1FFDD77000739358 /* dynamic collision init.cpp */,
				455AFDB01FFDD77000739358 /* dynamic collision init.hpp */,
				455AFDC11FFDEE5B00739358 /* position init.cpp */,
				455AFDC21FFDEE5B00739358 /* position init.hpp */,
				455AFDD71FFF1B9A00739358 /* power input init.cpp */,
				455AFDD81FFF1B9A00739358 /* power input init.hpp */,
				455AFDDA1FFF1D2000739358 /* power output init.cpp */,
				455AFDDB1FFF1D2000739358 /* power output init.hpp */,
				455AFDDF1FFF3E8800739358 /* gate init.cpp */,
				455AFDE01FFF3E8800739358 /* gate init.hpp */,
				455AFDE21FFF3F4200739358 /* wire init.cpp */,
				455AFDE31FFF3F4200739358 /* wire init.hpp */,
				455AFDF52000578100739358 /* radioactivity init.cpp */,
				455AFDF62000578100739358 /* radioactivity init.hpp */,
				455AFDF920005A2400739358 /* radioactivity detector init.cpp */,
				455AFDFA20005A2400739358 /* radioactivity detector init.hpp */,
				455AFDFD20005DE300739358 /* radioactive toggle init.cpp */,
				455AFDFE20005DE300739358 /* radioactive toggle init.hpp */,
				455AFE0A2000733100739358 /* signal transmitter init.cpp */,
				455AFE0B2000733100739358 /* signal transmitter init.hpp */,
				455AFE0E200075C300739358 /* signal receiver init.cpp */,
				455AFE0F200075C300739358 /* signal receiver init.hpp */,
				455AFE1620007F1500739358 /* pressure plate init.cpp */,
				455AFE1720007F1500739358 /* pressure plate init.hpp */,
				455AFE1D2000824200739358 /* weight init.cpp */,
				455AFE1E2000824200739358 /* weight init.hpp */,
				455AFE242000881A00739358 /* piston init.cpp */,
				455AFE252000881A00739358 /* piston init.hpp */,
			);
			name = "Component initializers";
			sourceTree = "<group>";
		};
		455AFDA61FFDC85500739358 /* Levels */ = {
			isa = PBXGroup;
			children = (
				455AFDA81FFDC8A200739358 /* level 0.jsonnet */,
			);
			name = Levels;
			sourceTree = "<group>";
		};
		455AFDA71FFDC85C00739358 /* Entities */ = {
			isa = PBXGroup;
			children = (
				455AFDAA1FFDC91900739358 /* common.libsonnet */,
				455AFDAC1FFDC93500739358 /* entities.libsonnet */,
			);
			name = Entities;
			sourceTree = "<group>";
		};
		455AFE352000A31D00739358 /* Animations */ = {
			isa = PBXGroup;
			children = (
				455AFE3B2000A41D00739358 /* gates.anim */,
				455AFE482000AD5100739358 /* wire.anim */,
			);
			path = Animations;
			sourceTree = "<group>";
		};
		455AFE362000A32600739358 /* Sprites */ = {
			isa = PBXGroup;
			children = (
				455AFE3F2000A55E00739358 /* gate 0.png */,
				455AFE402000A55F00739358 /* gate 1.png */,
				455AFE432000A55F00739358 /* gate 2.png */,
				455AFE3C2000A55D00739358 /* gate 3.png */,
				455AFE422000A55F00739358 /* gate 4.png */,
				455AFE412000A55F00739358 /* gate 5.png */,
				455AFE3E2000A55E00739358 /* gate 6.png */,
				455AFE3D2000A55D00739358 /* gate 7.png */,
				455AFE6A2000AD7100739358 /* wire 0 0.png */,
				455AFE692000AD7100739358 /* wire 0 1.png */,
				455AFE552000AD6900739358 /* wire 0 2.png */,
				455AFE502000AD6800739358 /* wire 0 3.png */,
				455AFE682000AD7000739358 /* wire 0 4.png */,
				455AFE622000AD6E00739358 /* wire 0 5.png */,
				455AFE522000AD6800739358 /* wire 0 6.png */,
				455AFE6C2000AD7300739358 /* wire 1 0.png */,
				455AFE4E2000AD6700739358 /* wire 1 1.png */,
				455AFE612000AD6E00739358 /* wire 1 2.png */,
				455AFE5B2000AD6B00739358 /* wire 1 3.png */,
				455AFE702000AD7500739358 /* wire 1 4.png */,
				455AFE512000AD6800739358 /* wire 1 5.png */,
				455AFE4F2000AD6700739358 /* wire 1 6.png */,
				455AFE6B2000AD7200739358 /* wire 2 0.png */,
				455AFE592000AD6A00739358 /* wire 2 1.png */,
				455AFE5A2000AD6B00739358 /* wire 2 2.png */,
				455AFE672000AD7000739358 /* wire 2 3.png */,
				455AFE5F2000AD6D00739358 /* wire 2 4.png */,
				455AFE4A2000AD6600739358 /* wire 2 5.png */,
				455AFE642000AD6E00739358 /* wire 2 6.png */,
				455AFE6D2000AD7300739358 /* wire 3 0.png */,
				455AFE562000AD6900739358 /* wire 3 1.png */,
				455AFE722000AD7600739358 /* wire 3 2.png */,
				455AFE652000AD6F00739358 /* wire 3 3.png */,
				455AFE492000AD6600739358 /* wire 3 4.png */,
				455AFE542000AD6900739358 /* wire 3 5.png */,
				455AFE632000AD6E00739358 /* wire 3 6.png */,
				455AFE5D2000AD6C00739358 /* wire 4 0.png */,
				455AFE5E2000AD6D00739358 /* wire 4 1.png */,
				455AFE602000AD6D00739358 /* wire 4 2.png */,
				455AFE4B2000AD6600739358 /* wire 4 3.png */,
				455AFE662000AD6F00739358 /* wire 4 4.png */,
				455AFE712000AD7500739358 /* wire 4 5.png */,
				455AFE6F2000AD7400739358 /* wire 4 6.png */,
				455AFE572000AD6900739358 /* wire 5 0.png */,
				455AFE582000AD6A00739358 /* wire 5 1.png */,
				455AFE5C2000AD6C00739358 /* wire 5 2.png */,
				455AFE532000AD6800739358 /* wire 5 3.png */,
				455AFE4C2000AD6700739358 /* wire 5 4.png */,
				455AFE4D2000AD6700739358 /* wire 5 5.png */,
				455AFE6E2000AD7400739358 /* wire 5 6.png */,
			);
			path = Sprites;
			sourceTree = "<group>";
		};
/* End PBXGroup section */

/* Begin PBXNativeTarget section */
		4507598B1FFC77E20009B360 /* The Machine */ = {
			isa = PBXNativeTarget;
			buildConfigurationList = 4507599A1FFC77E30009B360 /* Build configuration list for PBXNativeTarget "The Machine" */;
			buildPhases = (
				450759AA1FFC7B450009B360 /* CopyFiles */,
				450759881FFC77E20009B360 /* Sources */,
				450759891FFC77E20009B360 /* Frameworks */,
				455AFE392000A39900739358 /* Pack Sprites */,
				4507598A1FFC77E20009B360 /* Resources */,
				455AFDA51FFDC5F000739358 /* Compile Levels */,
			);
			buildRules = (
			);
			dependencies = (
			);
			name = "The Machine";
			productName = "The Machine";
			productReference = 4507598C1FFC77E20009B360 /* The Machine.app */;
			productType = "com.apple.product-type.application";
		};
/* End PBXNativeTarget section */

/* Begin PBXProject section */
		450759841FFC77E20009B360 /* Project object */ = {
			isa = PBXProject;
			attributes = {
				LastSwiftUpdateCheck = 0900;
				LastUpgradeCheck = 0900;
				ORGANIZATIONNAME = "Indi Kernick";
				TargetAttributes = {
					4507598B1FFC77E20009B360 = {
						CreatedOnToolsVersion = 9.0;
						ProvisioningStyle = Automatic;
						SystemCapabilities = {
							com.apple.Sandbox = {
								enabled = 0;
							};
						};
					};
				};
			};
			buildConfigurationList = 450759871FFC77E20009B360 /* Build configuration list for PBXProject "The Machine" */;
			compatibilityVersion = "Xcode 8.0";
			developmentRegion = en;
			hasScannedForEncodings = 0;
			knownRegions = (
				en,
				Base,
			);
			mainGroup = 450759831FFC77E20009B360;
			productRefGroup = 4507598D1FFC77E20009B360 /* Products */;
			projectDirPath = "";
			projectRoot = "";
			targets = (
				4507598B1FFC77E20009B360 /* The Machine */,
			);
		};
/* End PBXProject section */

/* Begin PBXResourcesBuildPhase section */
		4507598A1FFC77E20009B360 /* Resources */ = {
			isa = PBXResourcesBuildPhase;
			buildActionMask = 2147483647;
			files = (
				455AFE462000A57800739358 /* sprites.atlas in Resources */,
				455AFE472000A57800739358 /* sprites.png in Resources */,
				450759921FFC77E30009B360 /* Assets.xcassets in Resources */,
			);
			runOnlyForDeploymentPostprocessing = 0;
		};
/* End PBXResourcesBuildPhase section */

/* Begin PBXShellScriptBuildPhase section */
		455AFDA51FFDC5F000739358 /* Compile Levels */ = {
			isa = PBXShellScriptBuildPhase;
			buildActionMask = 2147483647;
			files = (
			);
			inputPaths = (
			);
			name = "Compile Levels";
			outputPaths = (
			);
			runOnlyForDeploymentPostprocessing = 0;
			shellPath = /bin/bash;
			shellScript = "# \"*\" means all levels\n# \"5\" means only level 5\nLEVEL=\"*\"\n\nPROJECT_RES=\"$PROJECT_DIR/$PROJECT/Resources\"\nPRODUCT_RES=\"$BUILT_PRODUCTS_DIR/$UNLOCALIZED_RESOURCES_FOLDER_PATH\"\n\nfind \"$PROJECT_RES\" -name \"level $LEVEL.jsonnet\" | # find\negrep --only-matching \"level (\\d+|final)\" |        # trim path and extension\nwhile read name; do\n  jsonnet \"$PROJECT_RES/$name.jsonnet\" |           # compile jsonnet\n  jq -cM . > \"$PRODUCT_RES/$name.json\"             # minify json\n  # exit if output file is empty\n  if [[ ! -s \"$PRODUCT_RES/$name.json\" ]]; then\n    exit 1\n  fi\ndone";
		};
		455AFE392000A39900739358 /* Pack Sprites */ = {
			isa = PBXShellScriptBuildPhase;
			buildActionMask = 2147483647;
			files = (
			);
			inputPaths = (
			);
			name = "Pack Sprites";
			outputPaths = (
			);
			runOnlyForDeploymentPostprocessing = 0;
			shellPath = /bin/bash;
			shellScript = "cd \"$PROJECT_DIR/$PROJECT/Resources\"\n\npacker --silent sprite\\ config.json";
		};
/* End PBXShellScriptBuildPhase section */

/* Begin PBXSourcesBuildPhase section */
		450759881FFC77E20009B360 /* Sources */ = {
			isa = PBXSourcesBuildPhase;
			buildActionMask = 2147483647;
			files = (
				455AFD971FFDBADF00739358 /* entity grid.cpp in Sources */,
				455AFDCF1FFF06EB00739358 /* clear desired dir system.cpp in Sources */,
				455AFDCC1FFF044900739358 /* clear real dir system.cpp in Sources */,
				455AFE13200076A200739358 /* signal receiver system.cpp in Sources */,
				455AFDA11FFDC42C00739358 /* static collision init.cpp in Sources */,
				455AFDBB1FFDE84D00739358 /* player input system.cpp in Sources */,
				455AFE02200064D200739358 /* radioactivity detector system.cpp in Sources */,
				4507599E1FFC795D0009B360 /* main.cpp in Sources */,
				455AFE0C2000733100739358 /* signal transmitter init.cpp in Sources */,
				455AFE2C200090D100739358 /* shift player action system.cpp in Sources */,
				455AFDC61FFDF34800739358 /* init grid system.cpp in Sources */,
				455AFDC91FFDF71100739358 /* move dir system.cpp in Sources */,
				455AFE1F2000824200739358 /* weight init.cpp in Sources */,
				455AFDDC1FFF1D2000739358 /* power output init.cpp in Sources */,
				455AFDE41FFF3F4200739358 /* wire init.cpp in Sources */,
				455AFDB11FFDD77000739358 /* dynamic collision init.cpp in Sources */,
				455AFDFB20005A2400739358 /* radioactivity detector init.cpp in Sources */,
				455AFE0820006D0100739358 /* shift radioactivity system.cpp in Sources */,
				455AFD891FFDB3E000739358 /* rendering context.cpp in Sources */,
				455AFE10200075C300739358 /* signal receiver init.cpp in Sources */,
				455AFDD21FFF0B9200739358 /* update pos system.cpp in Sources */,
				455AFE3420009C6C00739358 /* button system.cpp in Sources */,
				455AFDC31FFDEE5B00739358 /* position init.cpp in Sources */,
				455AFE312000982B00739358 /* lever system.cpp in Sources */,
				455AFDEA1FFF449000739358 /* gate system.cpp in Sources */,
				455AFDF72000578100739358 /* radioactivity init.cpp in Sources */,
				455AFD8C1FFDB5E800739358 /* game screen.cpp in Sources */,
				455AFE1820007F1500739358 /* pressure plate init.cpp in Sources */,
				455AFDED200042F200739358 /* wire system.cpp in Sources */,
				455AFD861FFDB34400739358 /* app.cpp in Sources */,
				455AFE222000839000739358 /* pressure plate system.cpp in Sources */,
				455AFDD91FFF1B9A00739358 /* power input init.cpp in Sources */,
				455AFE262000881A00739358 /* piston init.cpp in Sources */,
				455AFDFF20005DE300739358 /* radioactive toggle init.cpp in Sources */,
				455AFDE71FFF42CF00739358 /* shift power system.cpp in Sources */,
				455AFE29200089BA00739358 /* piston system.cpp in Sources */,
				455AFE052000691D00739358 /* radioactive toggle system.cpp in Sources */,
				455AFDE11FFF3E8800739358 /* gate init.cpp in Sources */,
			);
			runOnlyForDeploymentPostprocessing = 0;
		};
/* End PBXSourcesBuildPhase section */

/* Begin XCBuildConfiguration section */
		450759981FFC77E30009B360 /* Debug */ = {
			isa = XCBuildConfiguration;
			buildSettings = {
				ALWAYS_SEARCH_USER_PATHS = NO;
				CLANG_ANALYZER_NONNULL = YES;
				CLANG_ANALYZER_NUMBER_OBJECT_CONVERSION = YES_AGGRESSIVE;
				CLANG_CXX_LANGUAGE_STANDARD = "gnu++14";
				CLANG_CXX_LIBRARY = "libc++";
				CLANG_ENABLE_MODULES = YES;
				CLANG_ENABLE_OBJC_ARC = YES;
				CLANG_WARN_BLOCK_CAPTURE_AUTORELEASING = YES;
				CLANG_WARN_BOOL_CONVERSION = YES;
				CLANG_WARN_COMMA = YES;
				CLANG_WARN_CONSTANT_CONVERSION = YES;
				CLANG_WARN_DIRECT_OBJC_ISA_USAGE = YES_ERROR;
				CLANG_WARN_DOCUMENTATION_COMMENTS = YES;
				CLANG_WARN_EMPTY_BODY = YES;
				CLANG_WARN_ENUM_CONVERSION = YES;
				CLANG_WARN_INFINITE_RECURSION = YES;
				CLANG_WARN_INT_CONVERSION = YES;
				CLANG_WARN_NON_LITERAL_NULL_CONVERSION = YES;
				CLANG_WARN_OBJC_LITERAL_CONVERSION = YES;
				CLANG_WARN_OBJC_ROOT_CLASS = YES_ERROR;
				CLANG_WARN_RANGE_LOOP_ANALYSIS = YES;
				CLANG_WARN_STRICT_PROTOTYPES = YES;
				CLANG_WARN_SUSPICIOUS_MOVE = YES;
				CLANG_WARN_UNGUARDED_AVAILABILITY = YES_AGGRESSIVE;
				CLANG_WARN_UNREACHABLE_CODE = YES;
				CLANG_WARN__DUPLICATE_METHOD_MATCH = YES;
				CODE_SIGN_IDENTITY = "Mac Developer";
				COPY_PHASE_STRIP = NO;
				DEBUG_INFORMATION_FORMAT = dwarf;
				ENABLE_STRICT_OBJC_MSGSEND = YES;
				ENABLE_TESTABILITY = YES;
				GCC_C_LANGUAGE_STANDARD = gnu11;
				GCC_DYNAMIC_NO_PIC = NO;
				GCC_NO_COMMON_BLOCKS = YES;
				GCC_OPTIMIZATION_LEVEL = 0;
				GCC_PREPROCESSOR_DEFINITIONS = (
					"DEBUG=1",
					"$(inherited)",
				);
				GCC_WARN_64_TO_32_BIT_CONVERSION = YES;
				GCC_WARN_ABOUT_RETURN_TYPE = YES_ERROR;
				GCC_WARN_UNDECLARED_SELECTOR = YES;
				GCC_WARN_UNINITIALIZED_AUTOS = YES_AGGRESSIVE;
				GCC_WARN_UNUSED_FUNCTION = YES;
				GCC_WARN_UNUSED_VARIABLE = YES;
				MACOSX_DEPLOYMENT_TARGET = 10.13;
				MTL_ENABLE_DEBUG_INFO = YES;
				ONLY_ACTIVE_ARCH = YES;
				SDKROOT = macosx;
				SWIFT_ACTIVE_COMPILATION_CONDITIONS = DEBUG;
				SWIFT_OPTIMIZATION_LEVEL = "-Onone";
			};
			name = Debug;
		};
		450759991FFC77E30009B360 /* Release */ = {
			isa = XCBuildConfiguration;
			buildSettings = {
				ALWAYS_SEARCH_USER_PATHS = NO;
				CLANG_ANALYZER_NONNULL = YES;
				CLANG_ANALYZER_NUMBER_OBJECT_CONVERSION = YES_AGGRESSIVE;
				CLANG_CXX_LANGUAGE_STANDARD = "gnu++14";
				CLANG_CXX_LIBRARY = "libc++";
				CLANG_ENABLE_MODULES = YES;
				CLANG_ENABLE_OBJC_ARC = YES;
				CLANG_WARN_BLOCK_CAPTURE_AUTORELEASING = YES;
				CLANG_WARN_BOOL_CONVERSION = YES;
				CLANG_WARN_COMMA = YES;
				CLANG_WARN_CONSTANT_CONVERSION = YES;
				CLANG_WARN_DIRECT_OBJC_ISA_USAGE = YES_ERROR;
				CLANG_WARN_DOCUMENTATION_COMMENTS = YES;
				CLANG_WARN_EMPTY_BODY = YES;
				CLANG_WARN_ENUM_CONVERSION = YES;
				CLANG_WARN_INFINITE_RECURSION = YES;
				CLANG_WARN_INT_CONVERSION = YES;
				CLANG_WARN_NON_LITERAL_NULL_CONVERSION = YES;
				CLANG_WARN_OBJC_LITERAL_CONVERSION = YES;
				CLANG_WARN_OBJC_ROOT_CLASS = YES_ERROR;
				CLANG_WARN_RANGE_LOOP_ANALYSIS = YES;
				CLANG_WARN_STRICT_PROTOTYPES = YES;
				CLANG_WARN_SUSPICIOUS_MOVE = YES;
				CLANG_WARN_UNGUARDED_AVAILABILITY = YES_AGGRESSIVE;
				CLANG_WARN_UNREACHABLE_CODE = YES;
				CLANG_WARN__DUPLICATE_METHOD_MATCH = YES;
				CODE_SIGN_IDENTITY = "Mac Developer";
				COPY_PHASE_STRIP = NO;
				DEBUG_INFORMATION_FORMAT = "dwarf-with-dsym";
				ENABLE_NS_ASSERTIONS = NO;
				ENABLE_STRICT_OBJC_MSGSEND = YES;
				GCC_C_LANGUAGE_STANDARD = gnu11;
				GCC_NO_COMMON_BLOCKS = YES;
				GCC_WARN_64_TO_32_BIT_CONVERSION = YES;
				GCC_WARN_ABOUT_RETURN_TYPE = YES_ERROR;
				GCC_WARN_UNDECLARED_SELECTOR = YES;
				GCC_WARN_UNINITIALIZED_AUTOS = YES_AGGRESSIVE;
				GCC_WARN_UNUSED_FUNCTION = YES;
				GCC_WARN_UNUSED_VARIABLE = YES;
				MACOSX_DEPLOYMENT_TARGET = 10.13;
				MTL_ENABLE_DEBUG_INFO = NO;
				SDKROOT = macosx;
				SWIFT_OPTIMIZATION_LEVEL = "-Owholemodule";
			};
			name = Release;
		};
		4507599B1FFC77E30009B360 /* Debug */ = {
			isa = XCBuildConfiguration;
			buildSettings = {
				ASSETCATALOG_COMPILER_APPICON_NAME = AppIcon;
				CLANG_CXX_LANGUAGE_STANDARD = "c++17";
				CLANG_CXX_LIBRARY = "libc++";
				CODE_SIGN_STYLE = Automatic;
				COMBINE_HIDPI_IMAGES = YES;
				DEVELOPMENT_TEAM = QY44MADGVC;
				FRAMEWORK_SEARCH_PATHS = "$(LOCAL_LIBRARY_DIR)/Frameworks";
				HEADER_SEARCH_PATHS = (
					/usr/local/include,
					/usr/local/Cellar/nlohmann_json/3.0.0/include,
				);
				INFOPLIST_FILE = "The Machine/Info.plist";
				LD_RUNPATH_SEARCH_PATHS = "$(inherited) @executable_path/../Frameworks";
				LIBRARY_SEARCH_PATHS = /usr/local/lib;
				OTHER_CPLUSPLUSFLAGS = (
					"$(OTHER_CFLAGS)",
					"-Wall",
					"-Wextra",
					"-Weffc++",
					"-Wpedantic",
					"-Wno-documentation",
				);
				OTHER_LDFLAGS = (
					/usr/local/lib/libSurface.a,
					/usr/local/lib/libUnpacker.a,
					/usr/local/Cellar/glew/2.1.0/lib/libGLEW.a,
					"/usr/local/lib/libSimpleton\\ Engine.a",
				);
				PRODUCT_BUNDLE_IDENTIFIER = "Indi-Kernick.The-Machine";
				PRODUCT_NAME = "$(TARGET_NAME)";
				SWIFT_VERSION = 4.0;
			};
			name = Debug;
		};
		4507599C1FFC77E30009B360 /* Release */ = {
			isa = XCBuildConfiguration;
			buildSettings = {
				ASSETCATALOG_COMPILER_APPICON_NAME = AppIcon;
				CLANG_CXX_LANGUAGE_STANDARD = "c++17";
				CLANG_CXX_LIBRARY = "libc++";
				CODE_SIGN_STYLE = Automatic;
				COMBINE_HIDPI_IMAGES = YES;
				DEVELOPMENT_TEAM = QY44MADGVC;
				FRAMEWORK_SEARCH_PATHS = "$(LOCAL_LIBRARY_DIR)/Frameworks";
				GCC_OPTIMIZATION_LEVEL = 3;
				HEADER_SEARCH_PATHS = (
					/usr/local/include,
					/usr/local/Cellar/nlohmann_json/3.0.0/include,
				);
				INFOPLIST_FILE = "The Machine/Info.plist";
				LD_RUNPATH_SEARCH_PATHS = "$(inherited) @executable_path/../Frameworks";
				LIBRARY_SEARCH_PATHS = /usr/local/lib;
				OTHER_CPLUSPLUSFLAGS = (
					"$(OTHER_CFLAGS)",
					"-Wall",
					"-Wextra",
					"-Weffc++",
					"-Wpedantic",
					"-Wno-documentation",
				);
				OTHER_LDFLAGS = (
					/usr/local/lib/libSurface.a,
					/usr/local/lib/libUnpacker.a,
					/usr/local/Cellar/glew/2.1.0/lib/libGLEW.a,
					"/usr/local/lib/libSimpleton\\ Engine.a",
				);
				PRODUCT_BUNDLE_IDENTIFIER = "Indi-Kernick.The-Machine";
				PRODUCT_NAME = "$(TARGET_NAME)";
				SWIFT_VERSION = 4.0;
			};
			name = Release;
		};
/* End XCBuildConfiguration section */

/* Begin XCConfigurationList section */
		450759871FFC77E20009B360 /* Build configuration list for PBXProject "The Machine" */ = {
			isa = XCConfigurationList;
			buildConfigurations = (
				450759981FFC77E30009B360 /* Debug */,
				450759991FFC77E30009B360 /* Release */,
			);
			defaultConfigurationIsVisible = 0;
			defaultConfigurationName = Release;
		};
		4507599A1FFC77E30009B360 /* Build configuration list for PBXNativeTarget "The Machine" */ = {
			isa = XCConfigurationList;
			buildConfigurations = (
				4507599B1FFC77E30009B360 /* Debug */,
				4507599C1FFC77E30009B360 /* Release */,
			);
			defaultConfigurationIsVisible = 0;
			defaultConfigurationName = Release;
		};
/* End XCConfigurationList section */
	};
	rootObject = 450759841FFC77E20009B360 /* Project object */;
}
