// !$*UTF8*$!
{
	archiveVersion = 1;
	classes = {
	};
	objectVersion = 48;
	objects = {

/* Begin PBXBuildFile section */
		450759921FFC77E30009B360 /* Assets.xcassets in Resources */ = {isa = PBXBuildFile; fileRef = 450759911FFC77E20009B360 /* Assets.xcassets */; };
		4507599E1FFC795D0009B360 /* main.cpp in Sources */ = {isa = PBXBuildFile; fileRef = 4507599D1FFC795D0009B360 /* main.cpp */; };
		450759A11FFC7A9E0009B360 /* SDL2.framework in Frameworks */ = {isa = PBXBuildFile; fileRef = 450759A01FFC7A9E0009B360 /* SDL2.framework */; };
		450759A31FFC7AAA0009B360 /* CoreVideo.framework in Frameworks */ = {isa = PBXBuildFile; fileRef = 450759A21FFC7AAA0009B360 /* CoreVideo.framework */; };
		450759A51FFC7B1C0009B360 /* Cocoa.framework in Frameworks */ = {isa = PBXBuildFile; fileRef = 450759A41FFC7B1C0009B360 /* Cocoa.framework */; };
		450759A71FFC7B240009B360 /* IOKit.framework in Frameworks */ = {isa = PBXBuildFile; fileRef = 450759A61FFC7B240009B360 /* IOKit.framework */; };
		450759A91FFC7B2A0009B360 /* OpenGL.framework in Frameworks */ = {isa = PBXBuildFile; fileRef = 450759A81FFC7B2A0009B360 /* OpenGL.framework */; };
		450759AB1FFC7B530009B360 /* SDL2.framework in CopyFiles */ = {isa = PBXBuildFile; fileRef = 450759A01FFC7A9E0009B360 /* SDL2.framework */; settings = {ATTRIBUTES = (CodeSignOnCopy, RemoveHeadersOnCopy, ); }; };
		455AFD861FFDB34400739358 /* app.cpp in Sources */ = {isa = PBXBuildFile; fileRef = 455AFD841FFDB34400739358 /* app.cpp */; };
		455AFD891FFDB3E000739358 /* rendering context.cpp in Sources */ = {isa = PBXBuildFile; fileRef = 455AFD881FFDB3E000739358 /* rendering context.cpp */; };
		455AFD8C1FFDB5E800739358 /* game screen.cpp in Sources */ = {isa = PBXBuildFile; fileRef = 455AFD8A1FFDB5E800739358 /* game screen.cpp */; };
		455AFD971FFDBADF00739358 /* entity grid.cpp in Sources */ = {isa = PBXBuildFile; fileRef = 455AFD951FFDBADF00739358 /* entity grid.cpp */; };
		455AFDA11FFDC42C00739358 /* collision init.cpp in Sources */ = {isa = PBXBuildFile; fileRef = 455AFD9F1FFDC42C00739358 /* collision init.cpp */; };
		455AFDA41FFDC46E00739358 /* collision component.cpp in Sources */ = {isa = PBXBuildFile; fileRef = 455AFDA21FFDC46E00739358 /* collision component.cpp */; };
/* End PBXBuildFile section */

/* Begin PBXCopyFilesBuildPhase section */
		450759AA1FFC7B450009B360 /* CopyFiles */ = {
			isa = PBXCopyFilesBuildPhase;
			buildActionMask = 2147483647;
			dstPath = "";
			dstSubfolderSpec = 10;
			files = (
				450759AB1FFC7B530009B360 /* SDL2.framework in CopyFiles */,
			);
			runOnlyForDeploymentPostprocessing = 0;
		};
/* End PBXCopyFilesBuildPhase section */

/* Begin PBXFileReference section */
		4507598C1FFC77E20009B360 /* The Machine.app */ = {isa = PBXFileReference; explicitFileType = wrapper.application; includeInIndex = 0; path = "The Machine.app"; sourceTree = BUILT_PRODUCTS_DIR; };
		450759911FFC77E20009B360 /* Assets.xcassets */ = {isa = PBXFileReference; lastKnownFileType = folder.assetcatalog; path = Assets.xcassets; sourceTree = "<group>"; };
		450759961FFC77E30009B360 /* Info.plist */ = {isa = PBXFileReference; lastKnownFileType = text.plist.xml; path = Info.plist; sourceTree = "<group>"; };
		4507599D1FFC795D0009B360 /* main.cpp */ = {isa = PBXFileReference; lastKnownFileType = sourcecode.cpp.cpp; path = main.cpp; sourceTree = "<group>"; };
		450759A01FFC7A9E0009B360 /* SDL2.framework */ = {isa = PBXFileReference; lastKnownFileType = wrapper.framework; name = SDL2.framework; path = ../../../../../../../Library/Frameworks/SDL2.framework; sourceTree = "<group>"; };
		450759A21FFC7AAA0009B360 /* CoreVideo.framework */ = {isa = PBXFileReference; lastKnownFileType = wrapper.framework; name = CoreVideo.framework; path = System/Library/Frameworks/CoreVideo.framework; sourceTree = SDKROOT; };
		450759A41FFC7B1C0009B360 /* Cocoa.framework */ = {isa = PBXFileReference; lastKnownFileType = wrapper.framework; name = Cocoa.framework; path = System/Library/Frameworks/Cocoa.framework; sourceTree = SDKROOT; };
		450759A61FFC7B240009B360 /* IOKit.framework */ = {isa = PBXFileReference; lastKnownFileType = wrapper.framework; name = IOKit.framework; path = System/Library/Frameworks/IOKit.framework; sourceTree = SDKROOT; };
		450759A81FFC7B2A0009B360 /* OpenGL.framework */ = {isa = PBXFileReference; lastKnownFileType = wrapper.framework; name = OpenGL.framework; path = System/Library/Frameworks/OpenGL.framework; sourceTree = SDKROOT; };
		455AFD841FFDB34400739358 /* app.cpp */ = {isa = PBXFileReference; lastKnownFileType = sourcecode.cpp.cpp; path = app.cpp; sourceTree = "<group>"; };
		455AFD851FFDB34400739358 /* app.hpp */ = {isa = PBXFileReference; lastKnownFileType = sourcecode.cpp.h; path = app.hpp; sourceTree = "<group>"; };
		455AFD871FFDB3E000739358 /* rendering context.hpp */ = {isa = PBXFileReference; fileEncoding = 4; lastKnownFileType = sourcecode.cpp.h; path = "rendering context.hpp"; sourceTree = "<group>"; };
		455AFD881FFDB3E000739358 /* rendering context.cpp */ = {isa = PBXFileReference; fileEncoding = 4; lastKnownFileType = sourcecode.cpp.cpp; path = "rendering context.cpp"; sourceTree = "<group>"; };
		455AFD8A1FFDB5E800739358 /* game screen.cpp */ = {isa = PBXFileReference; lastKnownFileType = sourcecode.cpp.cpp; path = "game screen.cpp"; sourceTree = "<group>"; };
		455AFD8B1FFDB5E800739358 /* game screen.hpp */ = {isa = PBXFileReference; lastKnownFileType = sourcecode.cpp.h; path = "game screen.hpp"; sourceTree = "<group>"; };
		455AFD901FFDB88300739358 /* component list.hpp */ = {isa = PBXFileReference; lastKnownFileType = sourcecode.cpp.h; path = "component list.hpp"; sourceTree = "<group>"; };
		455AFD951FFDBADF00739358 /* entity grid.cpp */ = {isa = PBXFileReference; lastKnownFileType = sourcecode.cpp.cpp; path = "entity grid.cpp"; sourceTree = "<group>"; };
		455AFD961FFDBADF00739358 /* entity grid.hpp */ = {isa = PBXFileReference; lastKnownFileType = sourcecode.cpp.h; path = "entity grid.hpp"; sourceTree = "<group>"; };
		455AFD991FFDBB7F00739358 /* types.hpp */ = {isa = PBXFileReference; lastKnownFileType = sourcecode.cpp.h; path = types.hpp; sourceTree = "<group>"; };
		455AFD9E1FFDC41300739358 /* component inits.hpp */ = {isa = PBXFileReference; lastKnownFileType = sourcecode.cpp.h; path = "component inits.hpp"; sourceTree = "<group>"; };
		455AFD9F1FFDC42C00739358 /* collision init.cpp */ = {isa = PBXFileReference; lastKnownFileType = sourcecode.cpp.cpp; path = "collision init.cpp"; sourceTree = "<group>"; };
		455AFDA01FFDC42C00739358 /* collision init.hpp */ = {isa = PBXFileReference; lastKnownFileType = sourcecode.cpp.h; path = "collision init.hpp"; sourceTree = "<group>"; };
		455AFDA21FFDC46E00739358 /* collision component.cpp */ = {isa = PBXFileReference; lastKnownFileType = sourcecode.cpp.cpp; path = "collision component.cpp"; sourceTree = "<group>"; };
		455AFDA31FFDC46E00739358 /* collision component.hpp */ = {isa = PBXFileReference; lastKnownFileType = sourcecode.cpp.h; path = "collision component.hpp"; sourceTree = "<group>"; };
/* End PBXFileReference section */

/* Begin PBXFrameworksBuildPhase section */
		450759891FFC77E20009B360 /* Frameworks */ = {
			isa = PBXFrameworksBuildPhase;
			buildActionMask = 2147483647;
			files = (
				450759A91FFC7B2A0009B360 /* OpenGL.framework in Frameworks */,
				450759A71FFC7B240009B360 /* IOKit.framework in Frameworks */,
				450759A51FFC7B1C0009B360 /* Cocoa.framework in Frameworks */,
				450759A31FFC7AAA0009B360 /* CoreVideo.framework in Frameworks */,
				450759A11FFC7A9E0009B360 /* SDL2.framework in Frameworks */,
			);
			runOnlyForDeploymentPostprocessing = 0;
		};
/* End PBXFrameworksBuildPhase section */

/* Begin PBXGroup section */
		450759831FFC77E20009B360 = {
			isa = PBXGroup;
			children = (
				4507598E1FFC77E20009B360 /* The Machine */,
				4507598D1FFC77E20009B360 /* Products */,
				4507599F1FFC7A9C0009B360 /* Frameworks */,
			);
			sourceTree = "<group>";
		};
		4507598D1FFC77E20009B360 /* Products */ = {
			isa = PBXGroup;
			children = (
				4507598C1FFC77E20009B360 /* The Machine.app */,
			);
			name = Products;
			sourceTree = "<group>";
		};
		4507598E1FFC77E20009B360 /* The Machine */ = {
			isa = PBXGroup;
			children = (
				450759AE1FFC98AC0009B360 /* Resources */,
				450759AD1FFC98A50009B360 /* Game */,
				450759911FFC77E20009B360 /* Assets.xcassets */,
				450759961FFC77E30009B360 /* Info.plist */,
				4507599D1FFC795D0009B360 /* main.cpp */,
			);
			path = "The Machine";
			sourceTree = "<group>";
		};
		4507599F1FFC7A9C0009B360 /* Frameworks */ = {
			isa = PBXGroup;
			children = (
				450759A81FFC7B2A0009B360 /* OpenGL.framework */,
				450759A61FFC7B240009B360 /* IOKit.framework */,
				450759A41FFC7B1C0009B360 /* Cocoa.framework */,
				450759A21FFC7AAA0009B360 /* CoreVideo.framework */,
				450759A01FFC7A9E0009B360 /* SDL2.framework */,
			);
			name = Frameworks;
			sourceTree = "<group>";
		};
		450759AD1FFC98A50009B360 /* Game */ = {
			isa = PBXGroup;
			children = (
				455AFD941FFDBA9A00739358 /* Utils */,
				455AFD921FFDB9C500739358 /* Rendering */,
				455AFD931FFDBA8300739358 /* Systems */,
				455AFD8F1FFDB86300739358 /* Components */,
				455AFD9D1FFDC3CA00739358 /* Component initializers */,
				455AFD911FFDB9BB00739358 /* UI */,
				455AFD841FFDB34400739358 /* app.cpp */,
				455AFD851FFDB34400739358 /* app.hpp */,
			);
			path = Game;
			sourceTree = "<group>";
		};
		450759AE1FFC98AC0009B360 /* Resources */ = {
			isa = PBXGroup;
			children = (
			);
			path = Resources;
			sourceTree = "<group>";
		};
		455AFD8F1FFDB86300739358 /* Components */ = {
			isa = PBXGroup;
			children = (
				455AFD901FFDB88300739358 /* component list.hpp */,
				455AFDA21FFDC46E00739358 /* collision component.cpp */,
				455AFDA31FFDC46E00739358 /* collision component.hpp */,
			);
			name = Components;
			sourceTree = "<group>";
		};
		455AFD911FFDB9BB00739358 /* UI */ = {
			isa = PBXGroup;
			children = (
				455AFD8A1FFDB5E800739358 /* game screen.cpp */,
				455AFD8B1FFDB5E800739358 /* game screen.hpp */,
			);
			name = UI;
			sourceTree = "<group>";
		};
		455AFD921FFDB9C500739358 /* Rendering */ = {
			isa = PBXGroup;
			children = (
				455AFD881FFDB3E000739358 /* rendering context.cpp */,
				455AFD871FFDB3E000739358 /* rendering context.hpp */,
			);
			name = Rendering;
			sourceTree = "<group>";
		};
		455AFD931FFDBA8300739358 /* Systems */ = {
			isa = PBXGroup;
			children = (
			);
			name = Systems;
			sourceTree = "<group>";
		};
		455AFD941FFDBA9A00739358 /* Utils */ = {
			isa = PBXGroup;
			children = (
				455AFD991FFDBB7F00739358 /* types.hpp */,
				455AFD951FFDBADF00739358 /* entity grid.cpp */,
				455AFD961FFDBADF00739358 /* entity grid.hpp */,
			);
			name = Utils;
			sourceTree = "<group>";
		};
		455AFD9D1FFDC3CA00739358 /* Component initializers */ = {
			isa = PBXGroup;
			children = (
				455AFD9E1FFDC41300739358 /* component inits.hpp */,
				455AFD9F1FFDC42C00739358 /* collision init.cpp */,
				455AFDA01FFDC42C00739358 /* collision init.hpp */,
			);
			name = "Component initializers";
			sourceTree = "<group>";
		};
/* End PBXGroup section */

/* Begin PBXNativeTarget section */
		4507598B1FFC77E20009B360 /* The Machine */ = {
			isa = PBXNativeTarget;
			buildConfigurationList = 4507599A1FFC77E30009B360 /* Build configuration list for PBXNativeTarget "The Machine" */;
			buildPhases = (
				450759AA1FFC7B450009B360 /* CopyFiles */,
				450759881FFC77E20009B360 /* Sources */,
				450759891FFC77E20009B360 /* Frameworks */,
				4507598A1FFC77E20009B360 /* Resources */,
			);
			buildRules = (
			);
			dependencies = (
			);
			name = "The Machine";
			productName = "The Machine";
			productReference = 4507598C1FFC77E20009B360 /* The Machine.app */;
			productType = "com.apple.product-type.application";
		};
/* End PBXNativeTarget section */

/* Begin PBXProject section */
		450759841FFC77E20009B360 /* Project object */ = {
			isa = PBXProject;
			attributes = {
				LastSwiftUpdateCheck = 0900;
				LastUpgradeCheck = 0900;
				ORGANIZATIONNAME = "Indi Kernick";
				TargetAttributes = {
					4507598B1FFC77E20009B360 = {
						CreatedOnToolsVersion = 9.0;
						ProvisioningStyle = Automatic;
						SystemCapabilities = {
							com.apple.Sandbox = {
								enabled = 0;
							};
						};
					};
				};
			};
			buildConfigurationList = 450759871FFC77E20009B360 /* Build configuration list for PBXProject "The Machine" */;
			compatibilityVersion = "Xcode 8.0";
			developmentRegion = en;
			hasScannedForEncodings = 0;
			knownRegions = (
				en,
				Base,
			);
			mainGroup = 450759831FFC77E20009B360;
			productRefGroup = 4507598D1FFC77E20009B360 /* Products */;
			projectDirPath = "";
			projectRoot = "";
			targets = (
				4507598B1FFC77E20009B360 /* The Machine */,
			);
		};
/* End PBXProject section */

/* Begin PBXResourcesBuildPhase section */
		4507598A1FFC77E20009B360 /* Resources */ = {
			isa = PBXResourcesBuildPhase;
			buildActionMask = 2147483647;
			files = (
				450759921FFC77E30009B360 /* Assets.xcassets in Resources */,
			);
			runOnlyForDeploymentPostprocessing = 0;
		};
/* End PBXResourcesBuildPhase section */

/* Begin PBXSourcesBuildPhase section */
		450759881FFC77E20009B360 /* Sources */ = {
			isa = PBXSourcesBuildPhase;
			buildActionMask = 2147483647;
			files = (
				455AFD971FFDBADF00739358 /* entity grid.cpp in Sources */,
				455AFDA11FFDC42C00739358 /* collision init.cpp in Sources */,
				4507599E1FFC795D0009B360 /* main.cpp in Sources */,
				455AFDA41FFDC46E00739358 /* collision component.cpp in Sources */,
				455AFD891FFDB3E000739358 /* rendering context.cpp in Sources */,
				455AFD8C1FFDB5E800739358 /* game screen.cpp in Sources */,
				455AFD861FFDB34400739358 /* app.cpp in Sources */,
			);
			runOnlyForDeploymentPostprocessing = 0;
		};
/* End PBXSourcesBuildPhase section */

/* Begin XCBuildConfiguration section */
		450759981FFC77E30009B360 /* Debug */ = {
			isa = XCBuildConfiguration;
			buildSettings = {
				ALWAYS_SEARCH_USER_PATHS = NO;
				CLANG_ANALYZER_NONNULL = YES;
				CLANG_ANALYZER_NUMBER_OBJECT_CONVERSION = YES_AGGRESSIVE;
				CLANG_CXX_LANGUAGE_STANDARD = "gnu++14";
				CLANG_CXX_LIBRARY = "libc++";
				CLANG_ENABLE_MODULES = YES;
				CLANG_ENABLE_OBJC_ARC = YES;
				CLANG_WARN_BLOCK_CAPTURE_AUTORELEASING = YES;
				CLANG_WARN_BOOL_CONVERSION = YES;
				CLANG_WARN_COMMA = YES;
				CLANG_WARN_CONSTANT_CONVERSION = YES;
				CLANG_WARN_DIRECT_OBJC_ISA_USAGE = YES_ERROR;
				CLANG_WARN_DOCUMENTATION_COMMENTS = YES;
				CLANG_WARN_EMPTY_BODY = YES;
				CLANG_WARN_ENUM_CONVERSION = YES;
				CLANG_WARN_INFINITE_RECURSION = YES;
				CLANG_WARN_INT_CONVERSION = YES;
				CLANG_WARN_NON_LITERAL_NULL_CONVERSION = YES;
				CLANG_WARN_OBJC_LITERAL_CONVERSION = YES;
				CLANG_WARN_OBJC_ROOT_CLASS = YES_ERROR;
				CLANG_WARN_RANGE_LOOP_ANALYSIS = YES;
				CLANG_WARN_STRICT_PROTOTYPES = YES;
				CLANG_WARN_SUSPICIOUS_MOVE = YES;
				CLANG_WARN_UNGUARDED_AVAILABILITY = YES_AGGRESSIVE;
				CLANG_WARN_UNREACHABLE_CODE = YES;
				CLANG_WARN__DUPLICATE_METHOD_MATCH = YES;
				CODE_SIGN_IDENTITY = "Mac Developer";
				COPY_PHASE_STRIP = NO;
				DEBUG_INFORMATION_FORMAT = dwarf;
				ENABLE_STRICT_OBJC_MSGSEND = YES;
				ENABLE_TESTABILITY = YES;
				GCC_C_LANGUAGE_STANDARD = gnu11;
				GCC_DYNAMIC_NO_PIC = NO;
				GCC_NO_COMMON_BLOCKS = YES;
				GCC_OPTIMIZATION_LEVEL = 0;
				GCC_PREPROCESSOR_DEFINITIONS = (
					"DEBUG=1",
					"$(inherited)",
				);
				GCC_WARN_64_TO_32_BIT_CONVERSION = YES;
				GCC_WARN_ABOUT_RETURN_TYPE = YES_ERROR;
				GCC_WARN_UNDECLARED_SELECTOR = YES;
				GCC_WARN_UNINITIALIZED_AUTOS = YES_AGGRESSIVE;
				GCC_WARN_UNUSED_FUNCTION = YES;
				GCC_WARN_UNUSED_VARIABLE = YES;
				MACOSX_DEPLOYMENT_TARGET = 10.13;
				MTL_ENABLE_DEBUG_INFO = YES;
				ONLY_ACTIVE_ARCH = YES;
				SDKROOT = macosx;
				SWIFT_ACTIVE_COMPILATION_CONDITIONS = DEBUG;
				SWIFT_OPTIMIZATION_LEVEL = "-Onone";
			};
			name = Debug;
		};
		450759991FFC77E30009B360 /* Release */ = {
			isa = XCBuildConfiguration;
			buildSettings = {
				ALWAYS_SEARCH_USER_PATHS = NO;
				CLANG_ANALYZER_NONNULL = YES;
				CLANG_ANALYZER_NUMBER_OBJECT_CONVERSION = YES_AGGRESSIVE;
				CLANG_CXX_LANGUAGE_STANDARD = "gnu++14";
				CLANG_CXX_LIBRARY = "libc++";
				CLANG_ENABLE_MODULES = YES;
				CLANG_ENABLE_OBJC_ARC = YES;
				CLANG_WARN_BLOCK_CAPTURE_AUTORELEASING = YES;
				CLANG_WARN_BOOL_CONVERSION = YES;
				CLANG_WARN_COMMA = YES;
				CLANG_WARN_CONSTANT_CONVERSION = YES;
				CLANG_WARN_DIRECT_OBJC_ISA_USAGE = YES_ERROR;
				CLANG_WARN_DOCUMENTATION_COMMENTS = YES;
				CLANG_WARN_EMPTY_BODY = YES;
				CLANG_WARN_ENUM_CONVERSION = YES;
				CLANG_WARN_INFINITE_RECURSION = YES;
				CLANG_WARN_INT_CONVERSION = YES;
				CLANG_WARN_NON_LITERAL_NULL_CONVERSION = YES;
				CLANG_WARN_OBJC_LITERAL_CONVERSION = YES;
				CLANG_WARN_OBJC_ROOT_CLASS = YES_ERROR;
				CLANG_WARN_RANGE_LOOP_ANALYSIS = YES;
				CLANG_WARN_STRICT_PROTOTYPES = YES;
				CLANG_WARN_SUSPICIOUS_MOVE = YES;
				CLANG_WARN_UNGUARDED_AVAILABILITY = YES_AGGRESSIVE;
				CLANG_WARN_UNREACHABLE_CODE = YES;
				CLANG_WARN__DUPLICATE_METHOD_MATCH = YES;
				CODE_SIGN_IDENTITY = "Mac Developer";
				COPY_PHASE_STRIP = NO;
				DEBUG_INFORMATION_FORMAT = "dwarf-with-dsym";
				ENABLE_NS_ASSERTIONS = NO;
				ENABLE_STRICT_OBJC_MSGSEND = YES;
				GCC_C_LANGUAGE_STANDARD = gnu11;
				GCC_NO_COMMON_BLOCKS = YES;
				GCC_WARN_64_TO_32_BIT_CONVERSION = YES;
				GCC_WARN_ABOUT_RETURN_TYPE = YES_ERROR;
				GCC_WARN_UNDECLARED_SELECTOR = YES;
				GCC_WARN_UNINITIALIZED_AUTOS = YES_AGGRESSIVE;
				GCC_WARN_UNUSED_FUNCTION = YES;
				GCC_WARN_UNUSED_VARIABLE = YES;
				MACOSX_DEPLOYMENT_TARGET = 10.13;
				MTL_ENABLE_DEBUG_INFO = NO;
				SDKROOT = macosx;
				SWIFT_OPTIMIZATION_LEVEL = "-Owholemodule";
			};
			name = Release;
		};
		4507599B1FFC77E30009B360 /* Debug */ = {
			isa = XCBuildConfiguration;
			buildSettings = {
				ASSETCATALOG_COMPILER_APPICON_NAME = AppIcon;
				CLANG_CXX_LANGUAGE_STANDARD = "c++17";
				CLANG_CXX_LIBRARY = "libc++";
				CODE_SIGN_STYLE = Automatic;
				COMBINE_HIDPI_IMAGES = YES;
				DEVELOPMENT_TEAM = QY44MADGVC;
				FRAMEWORK_SEARCH_PATHS = "$(LOCAL_LIBRARY_DIR)/Frameworks";
				HEADER_SEARCH_PATHS = (
					/usr/local/include,
					/usr/local/Cellar/nlohmann_json/3.0.0/include,
				);
				INFOPLIST_FILE = "The Machine/Info.plist";
				LD_RUNPATH_SEARCH_PATHS = "$(inherited) @executable_path/../Frameworks";
				LIBRARY_SEARCH_PATHS = /usr/local/lib;
				OTHER_CPLUSPLUSFLAGS = (
					"$(OTHER_CFLAGS)",
					"-Wall",
					"-Wextra",
					"-Weffc++",
					"-Wpedantic",
					"-Wno-documentation",
				);
				OTHER_LDFLAGS = (
					/usr/local/lib/libSurface.a,
					/usr/local/lib/libUnpacker.a,
					/usr/local/Cellar/glew/2.1.0/lib/libGLEW.a,
					"/usr/local/lib/libSimpleton\\ Engine.a",
				);
				PRODUCT_BUNDLE_IDENTIFIER = "Indi-Kernick.The-Machine";
				PRODUCT_NAME = "$(TARGET_NAME)";
				SWIFT_VERSION = 4.0;
			};
			name = Debug;
		};
		4507599C1FFC77E30009B360 /* Release */ = {
			isa = XCBuildConfiguration;
			buildSettings = {
				ASSETCATALOG_COMPILER_APPICON_NAME = AppIcon;
				CLANG_CXX_LANGUAGE_STANDARD = "c++17";
				CLANG_CXX_LIBRARY = "libc++";
				CODE_SIGN_STYLE = Automatic;
				COMBINE_HIDPI_IMAGES = YES;
				DEVELOPMENT_TEAM = QY44MADGVC;
				FRAMEWORK_SEARCH_PATHS = "$(LOCAL_LIBRARY_DIR)/Frameworks";
				GCC_OPTIMIZATION_LEVEL = 3;
				HEADER_SEARCH_PATHS = (
					/usr/local/include,
					/usr/local/Cellar/nlohmann_json/3.0.0/include,
				);
				INFOPLIST_FILE = "The Machine/Info.plist";
				LD_RUNPATH_SEARCH_PATHS = "$(inherited) @executable_path/../Frameworks";
				LIBRARY_SEARCH_PATHS = /usr/local/lib;
				OTHER_CPLUSPLUSFLAGS = (
					"$(OTHER_CFLAGS)",
					"-Wall",
					"-Wextra",
					"-Weffc++",
					"-Wpedantic",
					"-Wno-documentation",
				);
				OTHER_LDFLAGS = (
					/usr/local/lib/libSurface.a,
					/usr/local/lib/libUnpacker.a,
					/usr/local/Cellar/glew/2.1.0/lib/libGLEW.a,
					"/usr/local/lib/libSimpleton\\ Engine.a",
				);
				PRODUCT_BUNDLE_IDENTIFIER = "Indi-Kernick.The-Machine";
				PRODUCT_NAME = "$(TARGET_NAME)";
				SWIFT_VERSION = 4.0;
			};
			name = Release;
		};
/* End XCBuildConfiguration section */

/* Begin XCConfigurationList section */
		450759871FFC77E20009B360 /* Build configuration list for PBXProject "The Machine" */ = {
			isa = XCConfigurationList;
			buildConfigurations = (
				450759981FFC77E30009B360 /* Debug */,
				450759991FFC77E30009B360 /* Release */,
			);
			defaultConfigurationIsVisible = 0;
			defaultConfigurationName = Release;
		};
		4507599A1FFC77E30009B360 /* Build configuration list for PBXNativeTarget "The Machine" */ = {
			isa = XCConfigurationList;
			buildConfigurations = (
				4507599B1FFC77E30009B360 /* Debug */,
				4507599C1FFC77E30009B360 /* Release */,
			);
			defaultConfigurationIsVisible = 0;
			defaultConfigurationName = Release;
		};
/* End XCConfigurationList section */
	};
	rootObject = 450759841FFC77E20009B360 /* Project object */;
}
